// !$*UTF8*$!
{
	archiveVersion = 1;
	classes = {
	};
	objectVersion = 46;
	objects = {

/* Begin PBXBuildFile section */
		E50153C11804440600CFFA69 /* icon.icns in Resources */ = {isa = PBXBuildFile; fileRef = E50153C01804440600CFFA69 /* icon.icns */; };
		E50153C3180447AD00CFFA69 /* checkpoints in Resources */ = {isa = PBXBuildFile; fileRef = E50153C2180447AA00CFFA69 /* checkpoints */; };
		E50153C918044CB800CFFA69 /* NSString+SymlinksAndAliases.m in Sources */ = {isa = PBXBuildFile; fileRef = E50153C618044CB800CFFA69 /* NSString+SymlinksAndAliases.m */; settings = {COMPILER_FLAGS = "-fno-objc-arc"; }; };
		E50153CA18044CB800CFFA69 /* PFMoveApplication.m in Sources */ = {isa = PBXBuildFile; fileRef = E50153C818044CB800CFFA69 /* PFMoveApplication.m */; settings = {COMPILER_FLAGS = "-fno-objc-arc"; }; };
		E50310D017E9986500C2F226 /* Cocoa.framework in Frameworks */ = {isa = PBXBuildFile; fileRef = E50310CF17E9986500C2F226 /* Cocoa.framework */; };
		E50310DA17E9986500C2F226 /* InfoPlist.strings in Resources */ = {isa = PBXBuildFile; fileRef = E50310D817E9986500C2F226 /* InfoPlist.strings */; };
		E50310DC17E9986500C2F226 /* main.m in Sources */ = {isa = PBXBuildFile; fileRef = E50310DB17E9986500C2F226 /* main.m */; };
		E50310E017E9986600C2F226 /* Credits.rtf in Resources */ = {isa = PBXBuildFile; fileRef = E50310DE17E9986600C2F226 /* Credits.rtf */; };
		E50310E317E9986600C2F226 /* MWAppDelegate.m in Sources */ = {isa = PBXBuildFile; fileRef = E50310E217E9986600C2F226 /* MWAppDelegate.m */; };
		E50310E617E9986600C2F226 /* MainMenu.xib in Resources */ = {isa = PBXBuildFile; fileRef = E50310E417E9986600C2F226 /* MainMenu.xib */; };
		E504D7F617FD843100F94081 /* MWPreferenceWalletViewController.m in Sources */ = {isa = PBXBuildFile; fileRef = E504D7F417FD843100F94081 /* MWPreferenceWalletViewController.m */; };
		E504D7F717FD843100F94081 /* MWPreferenceWalletViewController.xib in Resources */ = {isa = PBXBuildFile; fileRef = E504D7F517FD843100F94081 /* MWPreferenceWalletViewController.xib */; };
		E504D7FE17FDA09D00F94081 /* settings.png in Resources */ = {isa = PBXBuildFile; fileRef = E504D7FD17FDA09D00F94081 /* settings.png */; };
		E504D80017FDA0A300F94081 /* wallet.png in Resources */ = {isa = PBXBuildFile; fileRef = E504D7FF17FDA0A300F94081 /* wallet.png */; };
		E504D80217FDA4B500F94081 /* tickers.plist in Resources */ = {isa = PBXBuildFile; fileRef = E504D80117FDA4B500F94081 /* tickers.plist */; };
		E508D65817FB26A700CC3CF9 /* Localizable.strings in Resources */ = {isa = PBXBuildFile; fileRef = E508D65A17FB26A700CC3CF9 /* Localizable.strings */; };
		E528E91017FAB7B800BF4BAD /* Questionmark.png in Resources */ = {isa = PBXBuildFile; fileRef = E528E90E17FAB7B800BF4BAD /* Questionmark.png */; };
		E528E91117FAB7B800BF4BAD /* Questionmark@2x.png in Resources */ = {isa = PBXBuildFile; fileRef = E528E90F17FAB7B800BF4BAD /* Questionmark@2x.png */; };
		E548C6EE1802BFB400976CD7 /* MWTickerController.m in Sources */ = {isa = PBXBuildFile; fileRef = E548C6ED1802BFB400976CD7 /* MWTickerController.m */; };
		E548C6F41802BFE600976CD7 /* MWSendCoinsWindowController.m in Sources */ = {isa = PBXBuildFile; fileRef = E548C6F11802BFE600976CD7 /* MWSendCoinsWindowController.m */; };
		E548C6F51802BFE600976CD7 /* SendCoinsWindow.xib in Resources */ = {isa = PBXBuildFile; fileRef = E548C6F31802BFE600976CD7 /* SendCoinsWindow.xib */; };
		E548C6FF1802BFFB00976CD7 /* MWTransactionDetailsWindowController.m in Sources */ = {isa = PBXBuildFile; fileRef = E548C6F81802BFFB00976CD7 /* MWTransactionDetailsWindowController.m */; };
		E548C7001802BFFB00976CD7 /* MWTransactionDetailsWindowController.xib in Resources */ = {isa = PBXBuildFile; fileRef = E548C6F91802BFFB00976CD7 /* MWTransactionDetailsWindowController.xib */; };
		E548C7011802BFFB00976CD7 /* MWTransactionMenuItem.m in Sources */ = {isa = PBXBuildFile; fileRef = E548C6FB1802BFFB00976CD7 /* MWTransactionMenuItem.m */; };
		E548C7021802BFFB00976CD7 /* MWTransactionsWindowController.m in Sources */ = {isa = PBXBuildFile; fileRef = E548C6FD1802BFFB00976CD7 /* MWTransactionsWindowController.m */; };
		E548C7031802BFFB00976CD7 /* MWTransactionsWindowController.xib in Resources */ = {isa = PBXBuildFile; fileRef = E548C6FE1802BFFB00976CD7 /* MWTransactionsWindowController.xib */; };
		E579C0AC1802CD7C00D8B61D /* sparkle_update_dsa_pub.pem in Resources */ = {isa = PBXBuildFile; fileRef = E579C0AB1802CD7C00D8B61D /* sparkle_update_dsa_pub.pem */; };
		E5B8390117F9FEED004FBBB5 /* RHKeychain.m in Sources */ = {isa = PBXBuildFile; fileRef = E5B8390017F9FEED004FBBB5 /* RHKeychain.m */; settings = {COMPILER_FLAGS = "-fno-objc-arc"; }; };
		E5C359D417F1DFC200BA394E /* TrustedCheckmark@2x.png in Resources */ = {isa = PBXBuildFile; fileRef = E5C359D217F1DFC200BA394E /* TrustedCheckmark@2x.png */; };
		E5C359D617F1DFDE00BA394E /* TrustedCheckmark.png in Resources */ = {isa = PBXBuildFile; fileRef = E5C359D517F1DFDE00BA394E /* TrustedCheckmark.png */; };
		E5CDA96017FC9F2A0037A01E /* Sparkle.framework in Frameworks */ = {isa = PBXBuildFile; fileRef = E5CDA95F17FC9F2A0037A01E /* Sparkle.framework */; };
		E5CDA96217FC9F4F0037A01E /* Sparkle.framework in CopyFiles */ = {isa = PBXBuildFile; fileRef = E5CDA95F17FC9F2A0037A01E /* Sparkle.framework */; };
		E5D2F47917F447E200A214F4 /* BitcoinJKit.framework in Frameworks */ = {isa = PBXBuildFile; fileRef = E5D2F47817F447DB00A214F4 /* BitcoinJKit.framework */; };
		E5D2F47A17F447E400A214F4 /* BitcoinJKit.framework in CopyFiles */ = {isa = PBXBuildFile; fileRef = E5D2F47817F447DB00A214F4 /* BitcoinJKit.framework */; };
		E5E2CCC617FC98B3003EBA11 /* MWPreferenceGeneralViewController.m in Sources */ = {isa = PBXBuildFile; fileRef = E5E2CCBF17FC98B3003EBA11 /* MWPreferenceGeneralViewController.m */; };
		E5E2CCC717FC98B3003EBA11 /* MWPreferenceGeneralViewController.xib in Resources */ = {isa = PBXBuildFile; fileRef = E5E2CCC017FC98B3003EBA11 /* MWPreferenceGeneralViewController.xib */; };
		E5E2CCC917FC98B3003EBA11 /* RHPreferencesWindowController.m in Sources */ = {isa = PBXBuildFile; fileRef = E5E2CCC417FC98B3003EBA11 /* RHPreferencesWindowController.m */; settings = {COMPILER_FLAGS = "-fno-objc-arc"; }; };
		E5E2CCCA17FC98B3003EBA11 /* RHPreferencesWindow.xib in Resources */ = {isa = PBXBuildFile; fileRef = E5E2CCC517FC98B3003EBA11 /* RHPreferencesWindow.xib */; };
		E5E2CCCD17FC9A7D003EBA11 /* LaunchAtLoginController.m in Sources */ = {isa = PBXBuildFile; fileRef = E5E2CCCC17FC9A7D003EBA11 /* LaunchAtLoginController.m */; };
		E5FBD34317F9FFB400E678FE /* Security.framework in Frameworks */ = {isa = PBXBuildFile; fileRef = E5FBD34217F9FFB400E678FE /* Security.framework */; };
/* End PBXBuildFile section */

/* Begin PBXContainerItemProxy section */
		E5D2F47717F447DB00A214F4 /* PBXContainerItemProxy */ = {
			isa = PBXContainerItemProxy;
			containerPortal = E5D2F47317F447DB00A214F4 /* BitcoinJKit.xcodeproj */;
			proxyType = 2;
			remoteGlobalIDString = D958B09D17A29B0500B0EDD5;
			remoteInfo = BitcoinJKit;
		};
/* End PBXContainerItemProxy section */

/* Begin PBXCopyFilesBuildPhase section */
		E503242A17E9998A00C2F226 /* CopyFiles */ = {
			isa = PBXCopyFilesBuildPhase;
			buildActionMask = 2147483647;
			dstPath = "";
			dstSubfolderSpec = 10;
			files = (
				E5D2F47A17F447E400A214F4 /* BitcoinJKit.framework in CopyFiles */,
				E5CDA96217FC9F4F0037A01E /* Sparkle.framework in CopyFiles */,
			);
			runOnlyForDeploymentPostprocessing = 0;
		};
/* End PBXCopyFilesBuildPhase section */

/* Begin PBXFileReference section */
		E50153C01804440600CFFA69 /* icon.icns */ = {isa = PBXFileReference; lastKnownFileType = image.icns; path = icon.icns; sourceTree = "<group>"; };
		E50153C2180447AA00CFFA69 /* checkpoints */ = {isa = PBXFileReference; lastKnownFileType = file; path = checkpoints; sourceTree = "<group>"; };
		E50153C518044CB800CFFA69 /* NSString+SymlinksAndAliases.h */ = {isa = PBXFileReference; fileEncoding = 4; lastKnownFileType = sourcecode.c.h; path = "NSString+SymlinksAndAliases.h"; sourceTree = "<group>"; };
		E50153C618044CB800CFFA69 /* NSString+SymlinksAndAliases.m */ = {isa = PBXFileReference; fileEncoding = 4; lastKnownFileType = sourcecode.c.objc; path = "NSString+SymlinksAndAliases.m"; sourceTree = "<group>"; };
		E50153C718044CB800CFFA69 /* PFMoveApplication.h */ = {isa = PBXFileReference; fileEncoding = 4; lastKnownFileType = sourcecode.c.h; path = PFMoveApplication.h; sourceTree = "<group>"; };
		E50153C818044CB800CFFA69 /* PFMoveApplication.m */ = {isa = PBXFileReference; fileEncoding = 4; lastKnownFileType = sourcecode.c.objc; path = PFMoveApplication.m; sourceTree = "<group>"; };
		E50310CC17E9986500C2F226 /* MacWallet.app */ = {isa = PBXFileReference; explicitFileType = wrapper.application; includeInIndex = 0; path = MacWallet.app; sourceTree = BUILT_PRODUCTS_DIR; };
		E50310CF17E9986500C2F226 /* Cocoa.framework */ = {isa = PBXFileReference; lastKnownFileType = wrapper.framework; name = Cocoa.framework; path = System/Library/Frameworks/Cocoa.framework; sourceTree = SDKROOT; };
		E50310D217E9986500C2F226 /* AppKit.framework */ = {isa = PBXFileReference; lastKnownFileType = wrapper.framework; name = AppKit.framework; path = System/Library/Frameworks/AppKit.framework; sourceTree = SDKROOT; };
		E50310D317E9986500C2F226 /* CoreData.framework */ = {isa = PBXFileReference; lastKnownFileType = wrapper.framework; name = CoreData.framework; path = System/Library/Frameworks/CoreData.framework; sourceTree = SDKROOT; };
		E50310D417E9986500C2F226 /* Foundation.framework */ = {isa = PBXFileReference; lastKnownFileType = wrapper.framework; name = Foundation.framework; path = System/Library/Frameworks/Foundation.framework; sourceTree = SDKROOT; };
		E50310D717E9986500C2F226 /* MacWallet-Info.plist */ = {isa = PBXFileReference; lastKnownFileType = text.plist.xml; path = "MacWallet-Info.plist"; sourceTree = "<group>"; };
		E50310D917E9986500C2F226 /* en */ = {isa = PBXFileReference; lastKnownFileType = text.plist.strings; name = en; path = en.lproj/InfoPlist.strings; sourceTree = "<group>"; };
		E50310DB17E9986500C2F226 /* main.m */ = {isa = PBXFileReference; lastKnownFileType = sourcecode.c.objc; path = main.m; sourceTree = "<group>"; };
		E50310DD17E9986600C2F226 /* MacWallet-Prefix.pch */ = {isa = PBXFileReference; lastKnownFileType = sourcecode.c.h; path = "MacWallet-Prefix.pch"; sourceTree = "<group>"; };
		E50310DF17E9986600C2F226 /* en */ = {isa = PBXFileReference; lastKnownFileType = text.rtf; name = en; path = en.lproj/Credits.rtf; sourceTree = "<group>"; };
		E50310E117E9986600C2F226 /* MWAppDelegate.h */ = {isa = PBXFileReference; lastKnownFileType = sourcecode.c.h; path = MWAppDelegate.h; sourceTree = "<group>"; };
		E50310E217E9986600C2F226 /* MWAppDelegate.m */ = {isa = PBXFileReference; lastKnownFileType = sourcecode.c.objc; path = MWAppDelegate.m; sourceTree = "<group>"; };
		E50310E517E9986600C2F226 /* en */ = {isa = PBXFileReference; lastKnownFileType = file.xib; name = en; path = en.lproj/MainMenu.xib; sourceTree = "<group>"; };
		E504D7F317FD843100F94081 /* MWPreferenceWalletViewController.h */ = {isa = PBXFileReference; fileEncoding = 4; lastKnownFileType = sourcecode.c.h; path = MWPreferenceWalletViewController.h; sourceTree = "<group>"; };
		E504D7F417FD843100F94081 /* MWPreferenceWalletViewController.m */ = {isa = PBXFileReference; fileEncoding = 4; lastKnownFileType = sourcecode.c.objc; path = MWPreferenceWalletViewController.m; sourceTree = "<group>"; };
		E504D7F517FD843100F94081 /* MWPreferenceWalletViewController.xib */ = {isa = PBXFileReference; fileEncoding = 4; lastKnownFileType = file.xib; path = MWPreferenceWalletViewController.xib; sourceTree = "<group>"; };
		E504D7FD17FDA09D00F94081 /* settings.png */ = {isa = PBXFileReference; lastKnownFileType = image.png; path = settings.png; sourceTree = "<group>"; };
		E504D7FF17FDA0A300F94081 /* wallet.png */ = {isa = PBXFileReference; lastKnownFileType = image.png; path = wallet.png; sourceTree = "<group>"; };
		E504D80117FDA4B500F94081 /* tickers.plist */ = {isa = PBXFileReference; fileEncoding = 4; lastKnownFileType = text.plist.xml; path = tickers.plist; sourceTree = "<group>"; };
		E508D65917FB26A700CC3CF9 /* en */ = {isa = PBXFileReference; lastKnownFileType = text.plist.strings; name = en; path = en.lproj/Localizable.strings; sourceTree = "<group>"; };
		E528E90E17FAB7B800BF4BAD /* Questionmark.png */ = {isa = PBXFileReference; lastKnownFileType = image.png; path = Questionmark.png; sourceTree = "<group>"; };
		E528E90F17FAB7B800BF4BAD /* Questionmark@2x.png */ = {isa = PBXFileReference; lastKnownFileType = image.png; path = "Questionmark@2x.png"; sourceTree = "<group>"; };
		E548C6EC1802BFB400976CD7 /* MWTickerController.h */ = {isa = PBXFileReference; fileEncoding = 4; lastKnownFileType = sourcecode.c.h; path = MWTickerController.h; sourceTree = "<group>"; };
		E548C6ED1802BFB400976CD7 /* MWTickerController.m */ = {isa = PBXFileReference; fileEncoding = 4; lastKnownFileType = sourcecode.c.objc; path = MWTickerController.m; sourceTree = "<group>"; };
		E548C6F01802BFE600976CD7 /* MWSendCoinsWindowController.h */ = {isa = PBXFileReference; fileEncoding = 4; lastKnownFileType = sourcecode.c.h; path = MWSendCoinsWindowController.h; sourceTree = "<group>"; };
		E548C6F11802BFE600976CD7 /* MWSendCoinsWindowController.m */ = {isa = PBXFileReference; fileEncoding = 4; lastKnownFileType = sourcecode.c.objc; path = MWSendCoinsWindowController.m; sourceTree = "<group>"; };
		E548C6F21802BFE600976CD7 /* MWSendCoinsWindowControllerDelegate.h */ = {isa = PBXFileReference; fileEncoding = 4; lastKnownFileType = sourcecode.c.h; path = MWSendCoinsWindowControllerDelegate.h; sourceTree = "<group>"; };
		E548C6F31802BFE600976CD7 /* SendCoinsWindow.xib */ = {isa = PBXFileReference; fileEncoding = 4; lastKnownFileType = file.xib; path = SendCoinsWindow.xib; sourceTree = "<group>"; };
		E548C6F71802BFFB00976CD7 /* MWTransactionDetailsWindowController.h */ = {isa = PBXFileReference; fileEncoding = 4; lastKnownFileType = sourcecode.c.h; path = MWTransactionDetailsWindowController.h; sourceTree = "<group>"; };
		E548C6F81802BFFB00976CD7 /* MWTransactionDetailsWindowController.m */ = {isa = PBXFileReference; fileEncoding = 4; lastKnownFileType = sourcecode.c.objc; path = MWTransactionDetailsWindowController.m; sourceTree = "<group>"; };
		E548C6F91802BFFB00976CD7 /* MWTransactionDetailsWindowController.xib */ = {isa = PBXFileReference; fileEncoding = 4; lastKnownFileType = file.xib; path = MWTransactionDetailsWindowController.xib; sourceTree = "<group>"; };
		E548C6FA1802BFFB00976CD7 /* MWTransactionMenuItem.h */ = {isa = PBXFileReference; fileEncoding = 4; lastKnownFileType = sourcecode.c.h; path = MWTransactionMenuItem.h; sourceTree = "<group>"; };
		E548C6FB1802BFFB00976CD7 /* MWTransactionMenuItem.m */ = {isa = PBXFileReference; fileEncoding = 4; lastKnownFileType = sourcecode.c.objc; path = MWTransactionMenuItem.m; sourceTree = "<group>"; };
		E548C6FC1802BFFB00976CD7 /* MWTransactionsWindowController.h */ = {isa = PBXFileReference; fileEncoding = 4; lastKnownFileType = sourcecode.c.h; path = MWTransactionsWindowController.h; sourceTree = "<group>"; };
		E548C6FD1802BFFB00976CD7 /* MWTransactionsWindowController.m */ = {isa = PBXFileReference; fileEncoding = 4; lastKnownFileType = sourcecode.c.objc; path = MWTransactionsWindowController.m; sourceTree = "<group>"; };
		E548C6FE1802BFFB00976CD7 /* MWTransactionsWindowController.xib */ = {isa = PBXFileReference; fileEncoding = 4; lastKnownFileType = file.xib; path = MWTransactionsWindowController.xib; sourceTree = "<group>"; };
		E579C0AB1802CD7C00D8B61D /* sparkle_update_dsa_pub.pem */ = {isa = PBXFileReference; fileEncoding = 4; lastKnownFileType = text; path = sparkle_update_dsa_pub.pem; sourceTree = "<group>"; };
		E5B838FF17F9FEED004FBBB5 /* RHKeychain.h */ = {isa = PBXFileReference; fileEncoding = 4; lastKnownFileType = sourcecode.c.h; name = RHKeychain.h; path = ../vendor/RHKeychain/RHKeychain/RHKeychain.h; sourceTree = "<group>"; };
		E5B8390017F9FEED004FBBB5 /* RHKeychain.m */ = {isa = PBXFileReference; fileEncoding = 4; lastKnownFileType = sourcecode.c.objc; name = RHKeychain.m; path = ../vendor/RHKeychain/RHKeychain/RHKeychain.m; sourceTree = "<group>"; };
		E5C359D217F1DFC200BA394E /* TrustedCheckmark@2x.png */ = {isa = PBXFileReference; lastKnownFileType = image.png; path = "TrustedCheckmark@2x.png"; sourceTree = "<group>"; };
		E5C359D517F1DFDE00BA394E /* TrustedCheckmark.png */ = {isa = PBXFileReference; lastKnownFileType = image.png; path = TrustedCheckmark.png; sourceTree = "<group>"; };
		E5CDA95F17FC9F2A0037A01E /* Sparkle.framework */ = {isa = PBXFileReference; lastKnownFileType = wrapper.framework; name = Sparkle.framework; path = ../vendor/Sparkle.framework; sourceTree = "<group>"; };
		E5D2F47317F447DB00A214F4 /* BitcoinJKit.xcodeproj */ = {isa = PBXFileReference; lastKnownFileType = "wrapper.pb-project"; name = BitcoinJKit.xcodeproj; path = ../BitcoinJKit/BitcoinJKit.xcodeproj; sourceTree = "<group>"; };
		E5E2CCBE17FC98B3003EBA11 /* MWPreferenceGeneralViewController.h */ = {isa = PBXFileReference; fileEncoding = 4; lastKnownFileType = sourcecode.c.h; path = MWPreferenceGeneralViewController.h; sourceTree = "<group>"; };
		E5E2CCBF17FC98B3003EBA11 /* MWPreferenceGeneralViewController.m */ = {isa = PBXFileReference; fileEncoding = 4; lastKnownFileType = sourcecode.c.objc; path = MWPreferenceGeneralViewController.m; sourceTree = "<group>"; };
		E5E2CCC017FC98B3003EBA11 /* MWPreferenceGeneralViewController.xib */ = {isa = PBXFileReference; fileEncoding = 4; lastKnownFileType = file.xib; path = MWPreferenceGeneralViewController.xib; sourceTree = "<group>"; };
		E5E2CCC217FC98B3003EBA11 /* RHPreferences.h */ = {isa = PBXFileReference; fileEncoding = 4; lastKnownFileType = sourcecode.c.h; path = RHPreferences.h; sourceTree = "<group>"; };
		E5E2CCC317FC98B3003EBA11 /* RHPreferencesWindowController.h */ = {isa = PBXFileReference; fileEncoding = 4; lastKnownFileType = sourcecode.c.h; path = RHPreferencesWindowController.h; sourceTree = "<group>"; };
		E5E2CCC417FC98B3003EBA11 /* RHPreferencesWindowController.m */ = {isa = PBXFileReference; fileEncoding = 4; lastKnownFileType = sourcecode.c.objc; path = RHPreferencesWindowController.m; sourceTree = "<group>"; };
		E5E2CCC517FC98B3003EBA11 /* RHPreferencesWindow.xib */ = {isa = PBXFileReference; fileEncoding = 4; lastKnownFileType = file.xib; path = RHPreferencesWindow.xib; sourceTree = "<group>"; };
		E5E2CCCB17FC9A7D003EBA11 /* LaunchAtLoginController.h */ = {isa = PBXFileReference; fileEncoding = 4; lastKnownFileType = sourcecode.c.h; name = LaunchAtLoginController.h; path = ../vendor/LaunchAtLoginController/LaunchAtLoginController.h; sourceTree = "<group>"; };
		E5E2CCCC17FC9A7D003EBA11 /* LaunchAtLoginController.m */ = {isa = PBXFileReference; fileEncoding = 4; lastKnownFileType = sourcecode.c.objc; name = LaunchAtLoginController.m; path = ../vendor/LaunchAtLoginController/LaunchAtLoginController.m; sourceTree = "<group>"; };
		E5FBD34217F9FFB400E678FE /* Security.framework */ = {isa = PBXFileReference; lastKnownFileType = wrapper.framework; name = Security.framework; path = System/Library/Frameworks/Security.framework; sourceTree = SDKROOT; };
/* End PBXFileReference section */

/* Begin PBXFrameworksBuildPhase section */
		E50310C917E9986500C2F226 /* Frameworks */ = {
			isa = PBXFrameworksBuildPhase;
			buildActionMask = 2147483647;
			files = (
				E5FBD34317F9FFB400E678FE /* Security.framework in Frameworks */,
				E50310D017E9986500C2F226 /* Cocoa.framework in Frameworks */,
				E5D2F47917F447E200A214F4 /* BitcoinJKit.framework in Frameworks */,
				E5CDA96017FC9F2A0037A01E /* Sparkle.framework in Frameworks */,
			);
			runOnlyForDeploymentPostprocessing = 0;
		};
/* End PBXFrameworksBuildPhase section */

/* Begin PBXGroup section */
		E50310C317E9986500C2F226 = {
			isa = PBXGroup;
			children = (
				E50153C01804440600CFFA69 /* icon.icns */,
				E5B838FE17F9FEE5004FBBB5 /* vendor */,
				E50310D517E9986500C2F226 /* MacWallet */,
				E50310CE17E9986500C2F226 /* Frameworks */,
				E50310CD17E9986500C2F226 /* Products */,
			);
			sourceTree = "<group>";
		};
		E50310CD17E9986500C2F226 /* Products */ = {
			isa = PBXGroup;
			children = (
				E50310CC17E9986500C2F226 /* MacWallet.app */,
			);
			name = Products;
			sourceTree = "<group>";
		};
		E50310CE17E9986500C2F226 /* Frameworks */ = {
			isa = PBXGroup;
			children = (
				E5CDA95F17FC9F2A0037A01E /* Sparkle.framework */,
				E5FBD34217F9FFB400E678FE /* Security.framework */,
				E5D2F47317F447DB00A214F4 /* BitcoinJKit.xcodeproj */,
				E50310CF17E9986500C2F226 /* Cocoa.framework */,
				E50310D117E9986500C2F226 /* Other Frameworks */,
			);
			name = Frameworks;
			sourceTree = "<group>";
		};
		E50310D117E9986500C2F226 /* Other Frameworks */ = {
			isa = PBXGroup;
			children = (
				E50310D217E9986500C2F226 /* AppKit.framework */,
				E50310D317E9986500C2F226 /* CoreData.framework */,
				E50310D417E9986500C2F226 /* Foundation.framework */,
			);
			name = "Other Frameworks";
			sourceTree = "<group>";
		};
		E50310D517E9986500C2F226 /* MacWallet */ = {
			isa = PBXGroup;
			children = (
				E548C6F61802BFFB00976CD7 /* Transaction */,
				E548C6EF1802BFE600976CD7 /* SendCoins */,
				E548C6EB1802BF9F00976CD7 /* Ticker */,
				E5E2CCBC17FC98A9003EBA11 /* Preferences */,
				E50310E417E9986600C2F226 /* MainMenu.xib */,
				E50310E117E9986600C2F226 /* MWAppDelegate.h */,
				E50310E217E9986600C2F226 /* MWAppDelegate.m */,
				E5C359D017F1DFC200BA394E /* res */,
				E50310D617E9986500C2F226 /* Supporting Files */,
			);
			path = MacWallet;
			sourceTree = "<group>";
		};
		E50310D617E9986500C2F226 /* Supporting Files */ = {
			isa = PBXGroup;
			children = (
				E50153C2180447AA00CFFA69 /* checkpoints */,
				E579C0AB1802CD7C00D8B61D /* sparkle_update_dsa_pub.pem */,
				E50310D717E9986500C2F226 /* MacWallet-Info.plist */,
				E50310D817E9986500C2F226 /* InfoPlist.strings */,
				E50310DB17E9986500C2F226 /* main.m */,
				E50310DD17E9986600C2F226 /* MacWallet-Prefix.pch */,
				E50310DE17E9986600C2F226 /* Credits.rtf */,
				E508D65A17FB26A700CC3CF9 /* Localizable.strings */,
				E504D80117FDA4B500F94081 /* tickers.plist */,
			);
			name = "Supporting Files";
			sourceTree = "<group>";
		};
		E548C6EB1802BF9F00976CD7 /* Ticker */ = {
			isa = PBXGroup;
			children = (
				E548C6EC1802BFB400976CD7 /* MWTickerController.h */,
				E548C6ED1802BFB400976CD7 /* MWTickerController.m */,
			);
			path = Ticker;
			sourceTree = "<group>";
		};
		E548C6EF1802BFE600976CD7 /* SendCoins */ = {
			isa = PBXGroup;
			children = (
				E548C6F01802BFE600976CD7 /* MWSendCoinsWindowController.h */,
				E548C6F11802BFE600976CD7 /* MWSendCoinsWindowController.m */,
				E548C6F21802BFE600976CD7 /* MWSendCoinsWindowControllerDelegate.h */,
				E548C6F31802BFE600976CD7 /* SendCoinsWindow.xib */,
			);
			path = SendCoins;
			sourceTree = "<group>";
		};
		E548C6F61802BFFB00976CD7 /* Transaction */ = {
			isa = PBXGroup;
			children = (
				E548C6F71802BFFB00976CD7 /* MWTransactionDetailsWindowController.h */,
				E548C6F81802BFFB00976CD7 /* MWTransactionDetailsWindowController.m */,
				E548C6F91802BFFB00976CD7 /* MWTransactionDetailsWindowController.xib */,
				E548C6FA1802BFFB00976CD7 /* MWTransactionMenuItem.h */,
				E548C6FB1802BFFB00976CD7 /* MWTransactionMenuItem.m */,
				E548C6FC1802BFFB00976CD7 /* MWTransactionsWindowController.h */,
				E548C6FD1802BFFB00976CD7 /* MWTransactionsWindowController.m */,
				E548C6FE1802BFFB00976CD7 /* MWTransactionsWindowController.xib */,
			);
			path = Transaction;
			sourceTree = "<group>";
		};
		E5B838FE17F9FEE5004FBBB5 /* vendor */ = {
			isa = PBXGroup;
			children = (
				E5E2CCCB17FC9A7D003EBA11 /* LaunchAtLoginController.h */,
				E5E2CCCC17FC9A7D003EBA11 /* LaunchAtLoginController.m */,
				E5B838FF17F9FEED004FBBB5 /* RHKeychain.h */,
				E5B8390017F9FEED004FBBB5 /* RHKeychain.m */,
				E50153C518044CB800CFFA69 /* NSString+SymlinksAndAliases.h */,
				E50153C618044CB800CFFA69 /* NSString+SymlinksAndAliases.m */,
				E50153C718044CB800CFFA69 /* PFMoveApplication.h */,
				E50153C818044CB800CFFA69 /* PFMoveApplication.m */,
			);
			name = vendor;
			sourceTree = "<group>";
		};
		E5C359D017F1DFC200BA394E /* res */ = {
			isa = PBXGroup;
			children = (
				E504D7FF17FDA0A300F94081 /* wallet.png */,
				E504D7FD17FDA09D00F94081 /* settings.png */,
				E5C359D517F1DFDE00BA394E /* TrustedCheckmark.png */,
				E5C359D217F1DFC200BA394E /* TrustedCheckmark@2x.png */,
				E528E90E17FAB7B800BF4BAD /* Questionmark.png */,
				E528E90F17FAB7B800BF4BAD /* Questionmark@2x.png */,
			);
			path = res;
			sourceTree = SOURCE_ROOT;
		};
		E5D2F47417F447DB00A214F4 /* Products */ = {
			isa = PBXGroup;
			children = (
				E5D2F47817F447DB00A214F4 /* BitcoinJKit.framework */,
			);
			name = Products;
			sourceTree = "<group>";
		};
		E5E2CCBC17FC98A9003EBA11 /* Preferences */ = {
			isa = PBXGroup;
			children = (
				E504D7F317FD843100F94081 /* MWPreferenceWalletViewController.h */,
				E504D7F417FD843100F94081 /* MWPreferenceWalletViewController.m */,
				E504D7F517FD843100F94081 /* MWPreferenceWalletViewController.xib */,
				E5E2CCBE17FC98B3003EBA11 /* MWPreferenceGeneralViewController.h */,
				E5E2CCBF17FC98B3003EBA11 /* MWPreferenceGeneralViewController.m */,
				E5E2CCC017FC98B3003EBA11 /* MWPreferenceGeneralViewController.xib */,
				E5E2CCC217FC98B3003EBA11 /* RHPreferences.h */,
				E5E2CCC317FC98B3003EBA11 /* RHPreferencesWindowController.h */,
				E5E2CCC417FC98B3003EBA11 /* RHPreferencesWindowController.m */,
				E5E2CCC517FC98B3003EBA11 /* RHPreferencesWindow.xib */,
			);
			path = Preferences;
			sourceTree = "<group>";
		};
/* End PBXGroup section */

/* Begin PBXNativeTarget section */
		E50310CB17E9986500C2F226 /* MacWallet */ = {
			isa = PBXNativeTarget;
			buildConfigurationList = E50310E917E9986600C2F226 /* Build configuration list for PBXNativeTarget "MacWallet" */;
			buildPhases = (
				E50310C817E9986500C2F226 /* Sources */,
				E50310C917E9986500C2F226 /* Frameworks */,
				E50310CA17E9986500C2F226 /* Resources */,
				E503242A17E9998A00C2F226 /* CopyFiles */,
			);
			buildRules = (
			);
			dependencies = (
			);
			name = MacWallet;
			productName = MacWallet;
			productReference = E50310CC17E9986500C2F226 /* MacWallet.app */;
			productType = "com.apple.product-type.application";
		};
/* End PBXNativeTarget section */

/* Begin PBXProject section */
		E50310C417E9986500C2F226 /* Project object */ = {
			isa = PBXProject;
			attributes = {
				CLASSPREFIX = BA;
				LastUpgradeCheck = 0500;
				ORGANIZATIONNAME = "include7 AG";
				TargetAttributes = {
					E50310CB17E9986500C2F226 = {
						DevelopmentTeam = 5XAKXZTWN4;
					};
				};
			};
			buildConfigurationList = E50310C717E9986500C2F226 /* Build configuration list for PBXProject "MacWallet" */;
			compatibilityVersion = "Xcode 3.2";
			developmentRegion = English;
			hasScannedForEncodings = 0;
			knownRegions = (
				en,
			);
			mainGroup = E50310C317E9986500C2F226;
			productRefGroup = E50310CD17E9986500C2F226 /* Products */;
			projectDirPath = "";
			projectReferences = (
				{
					ProductGroup = E5D2F47417F447DB00A214F4 /* Products */;
					ProjectRef = E5D2F47317F447DB00A214F4 /* BitcoinJKit.xcodeproj */;
				},
			);
			projectRoot = "";
			targets = (
				E50310CB17E9986500C2F226 /* MacWallet */,
			);
		};
/* End PBXProject section */

/* Begin PBXReferenceProxy section */
		E5D2F47817F447DB00A214F4 /* BitcoinJKit.framework */ = {
			isa = PBXReferenceProxy;
			fileType = wrapper.framework;
			path = BitcoinJKit.framework;
			remoteRef = E5D2F47717F447DB00A214F4 /* PBXContainerItemProxy */;
			sourceTree = BUILT_PRODUCTS_DIR;
		};
/* End PBXReferenceProxy section */

/* Begin PBXResourcesBuildPhase section */
		E50310CA17E9986500C2F226 /* Resources */ = {
			isa = PBXResourcesBuildPhase;
			buildActionMask = 2147483647;
			files = (
				E50310DA17E9986500C2F226 /* InfoPlist.strings in Resources */,
				E579C0AC1802CD7C00D8B61D /* sparkle_update_dsa_pub.pem in Resources */,
				E5C359D417F1DFC200BA394E /* TrustedCheckmark@2x.png in Resources */,
				E548C6F51802BFE600976CD7 /* SendCoinsWindow.xib in Resources */,
				E50310E017E9986600C2F226 /* Credits.rtf in Resources */,
				E504D80017FDA0A300F94081 /* wallet.png in Resources */,
				E548C7001802BFFB00976CD7 /* MWTransactionDetailsWindowController.xib in Resources */,
				E504D7F717FD843100F94081 /* MWPreferenceWalletViewController.xib in Resources */,
				E50153C3180447AD00CFFA69 /* checkpoints in Resources */,
				E508D65817FB26A700CC3CF9 /* Localizable.strings in Resources */,
				E5C359D617F1DFDE00BA394E /* TrustedCheckmark.png in Resources */,
				E528E91117FAB7B800BF4BAD /* Questionmark@2x.png in Resources */,
				E5E2CCCA17FC98B3003EBA11 /* RHPreferencesWindow.xib in Resources */,
				E528E91017FAB7B800BF4BAD /* Questionmark.png in Resources */,
				E50153C11804440600CFFA69 /* icon.icns in Resources */,
				E504D80217FDA4B500F94081 /* tickers.plist in Resources */,
				E50310E617E9986600C2F226 /* MainMenu.xib in Resources */,
				E548C7031802BFFB00976CD7 /* MWTransactionsWindowController.xib in Resources */,
				E504D7FE17FDA09D00F94081 /* settings.png in Resources */,
				E5E2CCC717FC98B3003EBA11 /* MWPreferenceGeneralViewController.xib in Resources */,
			);
			runOnlyForDeploymentPostprocessing = 0;
		};
/* End PBXResourcesBuildPhase section */

/* Begin PBXSourcesBuildPhase section */
		E50310C817E9986500C2F226 /* Sources */ = {
			isa = PBXSourcesBuildPhase;
			buildActionMask = 2147483647;
			files = (
				E548C7021802BFFB00976CD7 /* MWTransactionsWindowController.m in Sources */,
				E5E2CCC617FC98B3003EBA11 /* MWPreferenceGeneralViewController.m in Sources */,
				E504D7F617FD843100F94081 /* MWPreferenceWalletViewController.m in Sources */,
				E5E2CCCD17FC9A7D003EBA11 /* LaunchAtLoginController.m in Sources */,
				E548C6EE1802BFB400976CD7 /* MWTickerController.m in Sources */,
				E548C6F41802BFE600976CD7 /* MWSendCoinsWindowController.m in Sources */,
				E5B8390117F9FEED004FBBB5 /* RHKeychain.m in Sources */,
				E548C7011802BFFB00976CD7 /* MWTransactionMenuItem.m in Sources */,
				E50153C918044CB800CFFA69 /* NSString+SymlinksAndAliases.m in Sources */,
				E50310DC17E9986500C2F226 /* main.m in Sources */,
				E548C6FF1802BFFB00976CD7 /* MWTransactionDetailsWindowController.m in Sources */,
				E50153CA18044CB800CFFA69 /* PFMoveApplication.m in Sources */,
				E5E2CCC917FC98B3003EBA11 /* RHPreferencesWindowController.m in Sources */,
				E50310E317E9986600C2F226 /* MWAppDelegate.m in Sources */,
			);
			runOnlyForDeploymentPostprocessing = 0;
		};
/* End PBXSourcesBuildPhase section */

/* Begin PBXVariantGroup section */
		E50310D817E9986500C2F226 /* InfoPlist.strings */ = {
			isa = PBXVariantGroup;
			children = (
				E50310D917E9986500C2F226 /* en */,
			);
			name = InfoPlist.strings;
			sourceTree = "<group>";
		};
		E50310DE17E9986600C2F226 /* Credits.rtf */ = {
			isa = PBXVariantGroup;
			children = (
				E50310DF17E9986600C2F226 /* en */,
			);
			name = Credits.rtf;
			sourceTree = "<group>";
		};
		E50310E417E9986600C2F226 /* MainMenu.xib */ = {
			isa = PBXVariantGroup;
			children = (
				E50310E517E9986600C2F226 /* en */,
			);
			name = MainMenu.xib;
			sourceTree = "<group>";
		};
		E508D65A17FB26A700CC3CF9 /* Localizable.strings */ = {
			isa = PBXVariantGroup;
			children = (
				E508D65917FB26A700CC3CF9 /* en */,
			);
			name = Localizable.strings;
			sourceTree = "<group>";
		};
/* End PBXVariantGroup section */

/* Begin XCBuildConfiguration section */
		E50310E717E9986600C2F226 /* Debug */ = {
			isa = XCBuildConfiguration;
			buildSettings = {
				ALWAYS_SEARCH_USER_PATHS = NO;
				CLANG_CXX_LANGUAGE_STANDARD = "gnu++0x";
				CLANG_CXX_LIBRARY = "libc++";
				CLANG_ENABLE_OBJC_ARC = YES;
				CLANG_WARN_CONSTANT_CONVERSION = YES;
				CLANG_WARN_EMPTY_BODY = YES;
				CLANG_WARN_ENUM_CONVERSION = YES;
				CLANG_WARN_INT_CONVERSION = YES;
				CLANG_WARN__DUPLICATE_METHOD_MATCH = YES;
				COPY_PHASE_STRIP = NO;
				GCC_C_LANGUAGE_STANDARD = gnu99;
				GCC_DYNAMIC_NO_PIC = NO;
				GCC_ENABLE_OBJC_EXCEPTIONS = YES;
				GCC_OPTIMIZATION_LEVEL = 0;
				GCC_PREPROCESSOR_DEFINITIONS = (
					"DEBUG=1",
					"$(inherited)",
				);
				GCC_SYMBOLS_PRIVATE_EXTERN = NO;
				GCC_WARN_64_TO_32_BIT_CONVERSION = YES;
				GCC_WARN_ABOUT_RETURN_TYPE = YES;
				GCC_WARN_UNINITIALIZED_AUTOS = YES;
				GCC_WARN_UNUSED_VARIABLE = YES;
				MACOSX_DEPLOYMENT_TARGET = 10.7;
				ONLY_ACTIVE_ARCH = YES;
				SDKROOT = macosx10.7;
			};
			name = Debug;
		};
		E50310E817E9986600C2F226 /* Release */ = {
			isa = XCBuildConfiguration;
			buildSettings = {
				ALWAYS_SEARCH_USER_PATHS = NO;
				CLANG_CXX_LANGUAGE_STANDARD = "gnu++0x";
				CLANG_CXX_LIBRARY = "libc++";
				CLANG_ENABLE_OBJC_ARC = YES;
				CLANG_WARN_CONSTANT_CONVERSION = YES;
				CLANG_WARN_EMPTY_BODY = YES;
				CLANG_WARN_ENUM_CONVERSION = YES;
				CLANG_WARN_INT_CONVERSION = YES;
				CLANG_WARN__DUPLICATE_METHOD_MATCH = YES;
				COPY_PHASE_STRIP = YES;
				DEBUG_INFORMATION_FORMAT = "dwarf-with-dsym";
				GCC_C_LANGUAGE_STANDARD = gnu99;
				GCC_ENABLE_OBJC_EXCEPTIONS = YES;
				GCC_WARN_64_TO_32_BIT_CONVERSION = YES;
				GCC_WARN_ABOUT_RETURN_TYPE = YES;
				GCC_WARN_UNINITIALIZED_AUTOS = YES;
				GCC_WARN_UNUSED_VARIABLE = YES;
				MACOSX_DEPLOYMENT_TARGET = 10.7;
				SDKROOT = macosx10.7;
			};
			name = Release;
		};
		E50310EA17E9986600C2F226 /* Debug */ = {
			isa = XCBuildConfiguration;
			buildSettings = {
				ARCHS = "$(ARCHS_STANDARD)";
				CODE_SIGN_IDENTITY = "Mac Developer";
				"CODE_SIGN_IDENTITY[sdk=macosx*]" = "Mac Developer";
				COMBINE_HIDPI_IMAGES = YES;
				FRAMEWORK_SEARCH_PATHS = (
					"$(inherited)",
					/Users/jonasschnelli/Documents/bitcoin/MacWalletApp/vendor,
				);
				GCC_PRECOMPILE_PREFIX_HEADER = YES;
				GCC_PREFIX_HEADER = "MacWallet/MacWallet-Prefix.pch";
				INFOPLIST_FILE = "MacWallet/MacWallet-Info.plist";
				PRODUCT_NAME = MacWallet;
				PROVISIONING_PROFILE = "";
				WRAPPER_EXTENSION = app;
			};
			name = Debug;
		};
		E50310EB17E9986600C2F226 /* Release */ = {
			isa = XCBuildConfiguration;
			buildSettings = {
				ARCHS = "$(ARCHS_STANDARD)";
				CODE_SIGN_IDENTITY = "Mac Developer";
				"CODE_SIGN_IDENTITY[sdk=macosx*]" = "Mac Developer";
				COMBINE_HIDPI_IMAGES = YES;
				FRAMEWORK_SEARCH_PATHS = (
					"$(inherited)",
					/Users/jonasschnelli/Documents/bitcoin/MacWalletApp/vendor,
				);
				GCC_PRECOMPILE_PREFIX_HEADER = YES;
				GCC_PREFIX_HEADER = "MacWallet/MacWallet-Prefix.pch";
				INFOPLIST_FILE = "MacWallet/MacWallet-Info.plist";
				PRODUCT_NAME = MacWallet;
				PROVISIONING_PROFILE = "";
				WRAPPER_EXTENSION = app;
			};
			name = Release;
		};
/* End XCBuildConfiguration section */

/* Begin XCConfigurationList section */
		E50310C717E9986500C2F226 /* Build configuration list for PBXProject "MacWallet" */ = {
			isa = XCConfigurationList;
			buildConfigurations = (
				E50310E717E9986600C2F226 /* Debug */,
				E50310E817E9986600C2F226 /* Release */,
			);
			defaultConfigurationIsVisible = 0;
			defaultConfigurationName = Release;
		};
		E50310E917E9986600C2F226 /* Build configuration list for PBXNativeTarget "MacWallet" */ = {
			isa = XCConfigurationList;
			buildConfigurations = (
				E50310EA17E9986600C2F226 /* Debug */,
				E50310EB17E9986600C2F226 /* Release */,
			);
			defaultConfigurationIsVisible = 0;
			defaultConfigurationName = Release;
		};
/* End XCConfigurationList section */
	};
	rootObject = E50310C417E9986500C2F226 /* Project object */;
}
