// !$*UTF8*$!
{
	archiveVersion = 1;
	classes = {
	};
	objectVersion = 46;
	objects = {

/* Begin PBXBuildFile section */
		E50153C11804440600CFFA69 /* icon.icns in Resources */ = {isa = PBXBuildFile; fileRef = E50153C01804440600CFFA69 /* icon.icns */; };
		E50153C3180447AD00CFFA69 /* checkpoints in Resources */ = {isa = PBXBuildFile; fileRef = E50153C2180447AA00CFFA69 /* checkpoints */; };
		E50153C918044CB800CFFA69 /* NSString+SymlinksAndAliases.m in Sources */ = {isa = PBXBuildFile; fileRef = E50153C618044CB800CFFA69 /* NSString+SymlinksAndAliases.m */; settings = {COMPILER_FLAGS = "-fno-objc-arc"; }; };
		E50153CA18044CB800CFFA69 /* PFMoveApplication.m in Sources */ = {isa = PBXBuildFile; fileRef = E50153C818044CB800CFFA69 /* PFMoveApplication.m */; settings = {COMPILER_FLAGS = "-fno-objc-arc"; }; };
		E50310D017E9986500C2F226 /* Cocoa.framework in Frameworks */ = {isa = PBXBuildFile; fileRef = E50310CF17E9986500C2F226 /* Cocoa.framework */; };
		E50310DA17E9986500C2F226 /* InfoPlist.strings in Resources */ = {isa = PBXBuildFile; fileRef = E50310D817E9986500C2F226 /* InfoPlist.strings */; };
		E50310DC17E9986500C2F226 /* main.m in Sources */ = {isa = PBXBuildFile; fileRef = E50310DB17E9986500C2F226 /* main.m */; };
		E50310E017E9986600C2F226 /* Credits.rtf in Resources */ = {isa = PBXBuildFile; fileRef = E50310DE17E9986600C2F226 /* Credits.rtf */; };
		E50310E317E9986600C2F226 /* MWAppDelegate.m in Sources */ = {isa = PBXBuildFile; fileRef = E50310E217E9986600C2F226 /* MWAppDelegate.m */; };
		E50310E617E9986600C2F226 /* MainMenu.xib in Resources */ = {isa = PBXBuildFile; fileRef = E50310E417E9986600C2F226 /* MainMenu.xib */; };
		E504D7F617FD843100F94081 /* MWPreferenceWalletViewController.m in Sources */ = {isa = PBXBuildFile; fileRef = E504D7F417FD843100F94081 /* MWPreferenceWalletViewController.m */; };
		E504D7F717FD843100F94081 /* MWPreferenceWalletViewController.xib in Resources */ = {isa = PBXBuildFile; fileRef = E504D7F517FD843100F94081 /* MWPreferenceWalletViewController.xib */; };
		E504D7FE17FDA09D00F94081 /* settings.png in Resources */ = {isa = PBXBuildFile; fileRef = E504D7FD17FDA09D00F94081 /* settings.png */; };
		E504D80017FDA0A300F94081 /* wallet.png in Resources */ = {isa = PBXBuildFile; fileRef = E504D7FF17FDA0A300F94081 /* wallet.png */; };
		E504D80217FDA4B500F94081 /* tickers.plist in Resources */ = {isa = PBXBuildFile; fileRef = E504D80117FDA4B500F94081 /* tickers.plist */; };
		E508D65817FB26A700CC3CF9 /* Localizable.strings in Resources */ = {isa = PBXBuildFile; fileRef = E508D65A17FB26A700CC3CF9 /* Localizable.strings */; };
		E50D19EC18168F3300AD4F66 /* incoming_payment.png in Resources */ = {isa = PBXBuildFile; fileRef = E50D19EA18168F3300AD4F66 /* incoming_payment.png */; };
		E50D19ED18168F3300AD4F66 /* incoming_payment.png in Resources */ = {isa = PBXBuildFile; fileRef = E50D19EA18168F3300AD4F66 /* incoming_payment.png */; };
		E50D19EE18168F3300AD4F66 /* incoming_payment@2x.png in Resources */ = {isa = PBXBuildFile; fileRef = E50D19EB18168F3300AD4F66 /* incoming_payment@2x.png */; };
		E50D19EF18168F3300AD4F66 /* incoming_payment@2x.png in Resources */ = {isa = PBXBuildFile; fileRef = E50D19EB18168F3300AD4F66 /* incoming_payment@2x.png */; };
		E517D5F0181535DB00C0E1AE /* MWFundsReceivedViewController.m in Sources */ = {isa = PBXBuildFile; fileRef = E517D5EE181535DB00C0E1AE /* MWFundsReceivedViewController.m */; };
		E517D5F1181535DB00C0E1AE /* MWFundsReceivedViewController.xib in Resources */ = {isa = PBXBuildFile; fileRef = E517D5EF181535DB00C0E1AE /* MWFundsReceivedViewController.xib */; };
		E51CC1F61814F4D90070BCF9 /* DataMatrix.mm in Sources */ = {isa = PBXBuildFile; fileRef = E51CC1EF1814F4D90070BCF9 /* DataMatrix.mm */; settings = {COMPILER_FLAGS = "-fno-objc-arc"; }; };
		E51CC1F71814F4D90070BCF9 /* DataMatrix.mm in Sources */ = {isa = PBXBuildFile; fileRef = E51CC1EF1814F4D90070BCF9 /* DataMatrix.mm */; settings = {COMPILER_FLAGS = "-fno-objc-arc"; }; };
		E51CC1F81814F4D90070BCF9 /* QR_Encode.cpp in Sources */ = {isa = PBXBuildFile; fileRef = E51CC1F01814F4D90070BCF9 /* QR_Encode.cpp */; settings = {COMPILER_FLAGS = "-fno-objc-arc"; }; };
		E51CC1F91814F4D90070BCF9 /* QR_Encode.cpp in Sources */ = {isa = PBXBuildFile; fileRef = E51CC1F01814F4D90070BCF9 /* QR_Encode.cpp */; settings = {COMPILER_FLAGS = "-fno-objc-arc"; }; };
		E51CC1FA1814F4D90070BCF9 /* QREncoder.mm in Sources */ = {isa = PBXBuildFile; fileRef = E51CC1F51814F4D90070BCF9 /* QREncoder.mm */; settings = {COMPILER_FLAGS = "-fno-objc-arc"; }; };
		E51CC1FB1814F4D90070BCF9 /* QREncoder.mm in Sources */ = {isa = PBXBuildFile; fileRef = E51CC1F51814F4D90070BCF9 /* QREncoder.mm */; settings = {COMPILER_FLAGS = "-fno-objc-arc"; }; };
		E51CC2001814FAB10070BCF9 /* MWAddressDetailViewController.m in Sources */ = {isa = PBXBuildFile; fileRef = E51CC1FE1814FAB10070BCF9 /* MWAddressDetailViewController.m */; };
		E51CC2011814FAB10070BCF9 /* MWAddressDetailViewController.m in Sources */ = {isa = PBXBuildFile; fileRef = E51CC1FE1814FAB10070BCF9 /* MWAddressDetailViewController.m */; };
		E51CC2021814FAB10070BCF9 /* MWAddressDetailViewController.xib in Resources */ = {isa = PBXBuildFile; fileRef = E51CC1FF1814FAB10070BCF9 /* MWAddressDetailViewController.xib */; };
		E51CC2031814FAB10070BCF9 /* MWAddressDetailViewController.xib in Resources */ = {isa = PBXBuildFile; fileRef = E51CC1FF1814FAB10070BCF9 /* MWAddressDetailViewController.xib */; };
		E528E91017FAB7B800BF4BAD /* Questionmark.png in Resources */ = {isa = PBXBuildFile; fileRef = E528E90E17FAB7B800BF4BAD /* Questionmark.png */; };
		E528E91117FAB7B800BF4BAD /* Questionmark@2x.png in Resources */ = {isa = PBXBuildFile; fileRef = E528E90F17FAB7B800BF4BAD /* Questionmark@2x.png */; };
		E531C1F0180876D0009E1B16 /* AXStatusItemPopup.m in Sources */ = {isa = PBXBuildFile; fileRef = E531C1EF180876D0009E1B16 /* AXStatusItemPopup.m */; };
		E531C1FC18088445009E1B16 /* QuartzCore.framework in Frameworks */ = {isa = PBXBuildFile; fileRef = E531C1FB18088445009E1B16 /* QuartzCore.framework */; };
		E531C1FF18088CE7009E1B16 /* DuxScrollViewAnimation.m in Sources */ = {isa = PBXBuildFile; fileRef = E531C1FE18088CE7009E1B16 /* DuxScrollViewAnimation.m */; };
		E53A51481817AC5400FCC154 /* MWTestRunTests.m in Sources */ = {isa = PBXBuildFile; fileRef = E5C1FF9618106FBA00220E06 /* MWTestRunTests.m */; };
		E53A514A1817AC5700FCC154 /* I7MacInterfaceAutomation.m in Sources */ = {isa = PBXBuildFile; fileRef = E5A4C813181127EC0014877C /* I7MacInterfaceAutomation.m */; };
		E53B97271806913700E8117B /* NSString+NSStringRandomPasswordAdditions.m in Sources */ = {isa = PBXBuildFile; fileRef = E53B97261806913700E8117B /* NSString+NSStringRandomPasswordAdditions.m */; };
		E5438CA0180C6B8A007EDFDC /* MWBaseScrollView.m in Sources */ = {isa = PBXBuildFile; fileRef = E5438C9F180C6B8A007EDFDC /* MWBaseScrollView.m */; };
		E548C6EE1802BFB400976CD7 /* MWTickerController.m in Sources */ = {isa = PBXBuildFile; fileRef = E548C6ED1802BFB400976CD7 /* MWTickerController.m */; };
		E548C6F51802BFE600976CD7 /* SendCoinsWindow.xib in Resources */ = {isa = PBXBuildFile; fileRef = E548C6F31802BFE600976CD7 /* SendCoinsWindow.xib */; };
		E548C6FF1802BFFB00976CD7 /* MWTransactionDetailsWindowController.m in Sources */ = {isa = PBXBuildFile; fileRef = E548C6F81802BFFB00976CD7 /* MWTransactionDetailsWindowController.m */; };
		E548C7001802BFFB00976CD7 /* MWTransactionDetailsWindowController.xib in Resources */ = {isa = PBXBuildFile; fileRef = E548C6F91802BFFB00976CD7 /* MWTransactionDetailsWindowController.xib */; };
		E548C7011802BFFB00976CD7 /* MWTransactionMenuItem.m in Sources */ = {isa = PBXBuildFile; fileRef = E548C6FB1802BFFB00976CD7 /* MWTransactionMenuItem.m */; };
		E548C7021802BFFB00976CD7 /* MWTransactionsWindowController.m in Sources */ = {isa = PBXBuildFile; fileRef = E548C6FD1802BFFB00976CD7 /* MWTransactionsWindowController.m */; };
		E548C7031802BFFB00976CD7 /* MWTransactionsWindowController.xib in Resources */ = {isa = PBXBuildFile; fileRef = E548C6FE1802BFFB00976CD7 /* MWTransactionsWindowController.xib */; };
		E558210D180DCEFB0062777E /* closebox@2x.png in Resources */ = {isa = PBXBuildFile; fileRef = E558210C180DCEFB0062777E /* closebox@2x.png */; };
		E5645237180891EB008ADC99 /* PasswordChecker.m in Sources */ = {isa = PBXBuildFile; fileRef = E5645236180891EB008ADC99 /* PasswordChecker.m */; };
		E564523B180894EE008ADC99 /* NSWindow+canBecomeKeyWindow.m in Sources */ = {isa = PBXBuildFile; fileRef = E5645239180894EE008ADC99 /* NSWindow+canBecomeKeyWindow.m */; };
		E564524018089816008ADC99 /* warning_red.png in Resources */ = {isa = PBXBuildFile; fileRef = E564523C18089816008ADC99 /* warning_red.png */; };
		E564524118089816008ADC99 /* warning_red@2x.png in Resources */ = {isa = PBXBuildFile; fileRef = E564523D18089816008ADC99 /* warning_red@2x.png */; };
		E564524218089816008ADC99 /* warning.png in Resources */ = {isa = PBXBuildFile; fileRef = E564523E18089816008ADC99 /* warning.png */; };
		E564524318089816008ADC99 /* warning@2x.png in Resources */ = {isa = PBXBuildFile; fileRef = E564523F18089816008ADC99 /* warning@2x.png */; };
		E56452461808989F008ADC99 /* ok.png in Resources */ = {isa = PBXBuildFile; fileRef = E56452441808989F008ADC99 /* ok.png */; };
		E56452471808989F008ADC99 /* ok@2x.png in Resources */ = {isa = PBXBuildFile; fileRef = E56452451808989F008ADC99 /* ok@2x.png */; };
		E564524E18089A6C008ADC99 /* ok_small.png in Resources */ = {isa = PBXBuildFile; fileRef = E564524818089A6C008ADC99 /* ok_small.png */; };
		E564524F18089A6C008ADC99 /* ok_small@2x.png in Resources */ = {isa = PBXBuildFile; fileRef = E564524918089A6C008ADC99 /* ok_small@2x.png */; };
		E564525018089A6C008ADC99 /* warning_red_small.png in Resources */ = {isa = PBXBuildFile; fileRef = E564524A18089A6C008ADC99 /* warning_red_small.png */; };
		E564525118089A6C008ADC99 /* warning_red_small@2x.png in Resources */ = {isa = PBXBuildFile; fileRef = E564524B18089A6C008ADC99 /* warning_red_small@2x.png */; };
		E564525218089A6C008ADC99 /* warning_small.png in Resources */ = {isa = PBXBuildFile; fileRef = E564524C18089A6C008ADC99 /* warning_small.png */; };
		E564525318089A6C008ADC99 /* warning_small@2x.png in Resources */ = {isa = PBXBuildFile; fileRef = E564524D18089A6C008ADC99 /* warning_small@2x.png */; };
		E569054A18098AA100A343E9 /* error.png in Resources */ = {isa = PBXBuildFile; fileRef = E569054818098AA100A343E9 /* error.png */; };
		E569054B18098AA100A343E9 /* error@2x.png in Resources */ = {isa = PBXBuildFile; fileRef = E569054918098AA100A343E9 /* error@2x.png */; };
		E569055118098D9400A343E9 /* not-secure.png in Resources */ = {isa = PBXBuildFile; fileRef = E569054D18098D9400A343E9 /* not-secure.png */; };
		E569055218098D9400A343E9 /* not-secure@2x.png in Resources */ = {isa = PBXBuildFile; fileRef = E569054E18098D9400A343E9 /* not-secure@2x.png */; };
		E569055318098D9400A343E9 /* secure.png in Resources */ = {isa = PBXBuildFile; fileRef = E569054F18098D9400A343E9 /* secure.png */; };
		E569055418098D9400A343E9 /* secure@2x.png in Resources */ = {isa = PBXBuildFile; fileRef = E569055018098D9400A343E9 /* secure@2x.png */; };
		E569055E1809950F00A343E9 /* status_bar_icon.png in Resources */ = {isa = PBXBuildFile; fileRef = E569055C1809950F00A343E9 /* status_bar_icon.png */; };
		E569055F1809950F00A343E9 /* status_bar_icon@2x.png in Resources */ = {isa = PBXBuildFile; fileRef = E569055D1809950F00A343E9 /* status_bar_icon@2x.png */; };
		E56905621809956D00A343E9 /* MWStatusItem.m in Sources */ = {isa = PBXBuildFile; fileRef = E56905611809956D00A343E9 /* MWStatusItem.m */; };
		E56905651809993100A343E9 /* status_bar_icon_inverted.png in Resources */ = {isa = PBXBuildFile; fileRef = E56905631809993100A343E9 /* status_bar_icon_inverted.png */; };
		E56905661809993100A343E9 /* status_bar_icon_inverted@2x.png in Resources */ = {isa = PBXBuildFile; fileRef = E56905641809993100A343E9 /* status_bar_icon_inverted@2x.png */; };
		E579C0AC1802CD7C00D8B61D /* sparkle_update_dsa_pub.pem in Resources */ = {isa = PBXBuildFile; fileRef = E579C0AB1802CD7C00D8B61D /* sparkle_update_dsa_pub.pem */; };
		E58B36701816992400BEDB97 /* MWFundsReceivedViewController.m in Sources */ = {isa = PBXBuildFile; fileRef = E517D5EE181535DB00C0E1AE /* MWFundsReceivedViewController.m */; };
		E58B36711816992B00BEDB97 /* MWFundsReceivedViewController.xib in Resources */ = {isa = PBXBuildFile; fileRef = E517D5EF181535DB00C0E1AE /* MWFundsReceivedViewController.xib */; };
		E58DF400180FFC98004877BC /* MWPreferenceIncomingPaymentViewController.m in Sources */ = {isa = PBXBuildFile; fileRef = E58DF3FE180FFC98004877BC /* MWPreferenceIncomingPaymentViewController.m */; };
		E58DF401180FFC98004877BC /* MWPreferenceIncomingPaymentViewController.xib in Resources */ = {isa = PBXBuildFile; fileRef = E58DF3FF180FFC98004877BC /* MWPreferenceIncomingPaymentViewController.xib */; };
		E5A4C7BD18111DFF0014877C /* MWTransactionsWindowController.m in Sources */ = {isa = PBXBuildFile; fileRef = E548C6FD1802BFFB00976CD7 /* MWTransactionsWindowController.m */; };
		E5A4C7BE18111DFF0014877C /* MWPreferenceGeneralViewController.m in Sources */ = {isa = PBXBuildFile; fileRef = E5E2CCBF17FC98B3003EBA11 /* MWPreferenceGeneralViewController.m */; };
		E5A4C7BF18111DFF0014877C /* MWStatusItem.m in Sources */ = {isa = PBXBuildFile; fileRef = E56905611809956D00A343E9 /* MWStatusItem.m */; };
		E5A4C7C018111DFF0014877C /* MWPreferenceWalletViewController.m in Sources */ = {isa = PBXBuildFile; fileRef = E504D7F417FD843100F94081 /* MWPreferenceWalletViewController.m */; };
		E5A4C7C118111DFF0014877C /* LaunchAtLoginController.m in Sources */ = {isa = PBXBuildFile; fileRef = E5E2CCCC17FC9A7D003EBA11 /* LaunchAtLoginController.m */; };
		E5A4C7C218111DFF0014877C /* MWTickerController.m in Sources */ = {isa = PBXBuildFile; fileRef = E548C6ED1802BFB400976CD7 /* MWTickerController.m */; };
		E5A4C7C318111DFF0014877C /* MWSetPasswordPopover.m in Sources */ = {isa = PBXBuildFile; fileRef = E5ED01D0180C2461003C7E63 /* MWSetPasswordPopover.m */; };
		E5A4C7C518111DFF0014877C /* RHKeychain.m in Sources */ = {isa = PBXBuildFile; fileRef = E5B8390017F9FEED004FBBB5 /* RHKeychain.m */; settings = {COMPILER_FLAGS = "-fno-objc-arc"; }; };
		E5A4C7C618111DFF0014877C /* NSString+NSStringRandomPasswordAdditions.m in Sources */ = {isa = PBXBuildFile; fileRef = E53B97261806913700E8117B /* NSString+NSStringRandomPasswordAdditions.m */; };
		E5A4C7C718111DFF0014877C /* MWTransactionMenuItem.m in Sources */ = {isa = PBXBuildFile; fileRef = E548C6FB1802BFFB00976CD7 /* MWTransactionMenuItem.m */; };
		E5A4C7C818111DFF0014877C /* NSString+SymlinksAndAliases.m in Sources */ = {isa = PBXBuildFile; fileRef = E50153C618044CB800CFFA69 /* NSString+SymlinksAndAliases.m */; settings = {COMPILER_FLAGS = "-fno-objc-arc"; }; };
		E5A4C7C918111DFF0014877C /* MWEnterPasswordPopover.m in Sources */ = {isa = PBXBuildFile; fileRef = E5ED01CE180C2461003C7E63 /* MWEnterPasswordPopover.m */; };
		E5A4C7CA18111DFF0014877C /* MWBasePopover.m in Sources */ = {isa = PBXBuildFile; fileRef = E5ED01CC180C2461003C7E63 /* MWBasePopover.m */; };
		E5A4C7CB18111DFF0014877C /* PasswordChecker.m in Sources */ = {isa = PBXBuildFile; fileRef = E5645236180891EB008ADC99 /* PasswordChecker.m */; };
		E5A4C7CC18111DFF0014877C /* MWSendCoinsViewController.m in Sources */ = {isa = PBXBuildFile; fileRef = E5C61EE3180C58F900857193 /* MWSendCoinsViewController.m */; };
		E5A4C7CD18111DFF0014877C /* main.m in Sources */ = {isa = PBXBuildFile; fileRef = E50310DB17E9986500C2F226 /* main.m */; };
		E5A4C7CE18111DFF0014877C /* MWTransactionDetailsWindowController.m in Sources */ = {isa = PBXBuildFile; fileRef = E548C6F81802BFFB00976CD7 /* MWTransactionDetailsWindowController.m */; };
		E5A4C7CF18111DFF0014877C /* MWPreferenceIncomingPaymentViewController.m in Sources */ = {isa = PBXBuildFile; fileRef = E58DF3FE180FFC98004877BC /* MWPreferenceIncomingPaymentViewController.m */; };
		E5A4C7D018111DFF0014877C /* PFMoveApplication.m in Sources */ = {isa = PBXBuildFile; fileRef = E50153C818044CB800CFFA69 /* PFMoveApplication.m */; settings = {COMPILER_FLAGS = "-fno-objc-arc"; }; };
		E5A4C7D118111DFF0014877C /* NSWindow+canBecomeKeyWindow.m in Sources */ = {isa = PBXBuildFile; fileRef = E5645239180894EE008ADC99 /* NSWindow+canBecomeKeyWindow.m */; };
		E5A4C7D218111DFF0014877C /* DuxScrollViewAnimation.m in Sources */ = {isa = PBXBuildFile; fileRef = E531C1FE18088CE7009E1B16 /* DuxScrollViewAnimation.m */; };
		E5A4C7D318111DFF0014877C /* RHPreferencesWindowController.m in Sources */ = {isa = PBXBuildFile; fileRef = E5E2CCC417FC98B3003EBA11 /* RHPreferencesWindowController.m */; settings = {COMPILER_FLAGS = "-fno-objc-arc"; }; };
		E5A4C7D418111DFF0014877C /* AXStatusItemPopup.m in Sources */ = {isa = PBXBuildFile; fileRef = E531C1EF180876D0009E1B16 /* AXStatusItemPopup.m */; };
		E5A4C7D518111DFF0014877C /* MWBaseScrollView.m in Sources */ = {isa = PBXBuildFile; fileRef = E5438C9F180C6B8A007EDFDC /* MWBaseScrollView.m */; };
		E5A4C7D618111DFF0014877C /* MWAppDelegate.m in Sources */ = {isa = PBXBuildFile; fileRef = E50310E217E9986600C2F226 /* MWAppDelegate.m */; };
		E5A4C7D818111DFF0014877C /* QuartzCore.framework in Frameworks */ = {isa = PBXBuildFile; fileRef = E531C1FB18088445009E1B16 /* QuartzCore.framework */; };
		E5A4C7D918111DFF0014877C /* Security.framework in Frameworks */ = {isa = PBXBuildFile; fileRef = E5FBD34217F9FFB400E678FE /* Security.framework */; };
		E5A4C7DA18111DFF0014877C /* Cocoa.framework in Frameworks */ = {isa = PBXBuildFile; fileRef = E50310CF17E9986500C2F226 /* Cocoa.framework */; };
		E5A4C7DB18111DFF0014877C /* BitcoinJKit.framework in Frameworks */ = {isa = PBXBuildFile; fileRef = E5D2F47817F447DB00A214F4 /* BitcoinJKit.framework */; };
		E5A4C7DC18111DFF0014877C /* Sparkle.framework in Frameworks */ = {isa = PBXBuildFile; fileRef = E5CDA95F17FC9F2A0037A01E /* Sparkle.framework */; };
		E5A4C7DE18111DFF0014877C /* InfoPlist.strings in Resources */ = {isa = PBXBuildFile; fileRef = E50310D817E9986500C2F226 /* InfoPlist.strings */; };
		E5A4C7DF18111DFF0014877C /* ok_small.png in Resources */ = {isa = PBXBuildFile; fileRef = E564524818089A6C008ADC99 /* ok_small.png */; };
		E5A4C7E018111DFF0014877C /* secure.png in Resources */ = {isa = PBXBuildFile; fileRef = E569054F18098D9400A343E9 /* secure.png */; };
		E5A4C7E118111DFF0014877C /* warning_small.png in Resources */ = {isa = PBXBuildFile; fileRef = E564524C18089A6C008ADC99 /* warning_small.png */; };
		E5A4C7E218111DFF0014877C /* warning@2x.png in Resources */ = {isa = PBXBuildFile; fileRef = E564523F18089816008ADC99 /* warning@2x.png */; };
		E5A4C7E318111DFF0014877C /* ok@2x.png in Resources */ = {isa = PBXBuildFile; fileRef = E56452451808989F008ADC99 /* ok@2x.png */; };
		E5A4C7E418111DFF0014877C /* status_bar_icon.png in Resources */ = {isa = PBXBuildFile; fileRef = E569055C1809950F00A343E9 /* status_bar_icon.png */; };
		E5A4C7E518111DFF0014877C /* error.png in Resources */ = {isa = PBXBuildFile; fileRef = E569054818098AA100A343E9 /* error.png */; };
		E5A4C7E618111DFF0014877C /* MWPreferenceIncomingPaymentViewController.xib in Resources */ = {isa = PBXBuildFile; fileRef = E58DF3FF180FFC98004877BC /* MWPreferenceIncomingPaymentViewController.xib */; };
		E5A4C7E718111DFF0014877C /* sparkle_update_dsa_pub.pem in Resources */ = {isa = PBXBuildFile; fileRef = E579C0AB1802CD7C00D8B61D /* sparkle_update_dsa_pub.pem */; };
		E5A4C7E818111DFF0014877C /* TrustedCheckmark@2x.png in Resources */ = {isa = PBXBuildFile; fileRef = E5C359D217F1DFC200BA394E /* TrustedCheckmark@2x.png */; };
		E5A4C7E918111DFF0014877C /* status_bar_icon_inverted@2x.png in Resources */ = {isa = PBXBuildFile; fileRef = E56905641809993100A343E9 /* status_bar_icon_inverted@2x.png */; };
		E5A4C7EA18111DFF0014877C /* SendCoinsWindow.xib in Resources */ = {isa = PBXBuildFile; fileRef = E548C6F31802BFE600976CD7 /* SendCoinsWindow.xib */; };
		E5A4C7EB18111DFF0014877C /* warning_red_small.png in Resources */ = {isa = PBXBuildFile; fileRef = E564524A18089A6C008ADC99 /* warning_red_small.png */; };
		E5A4C7EC18111DFF0014877C /* closebox@2x.png in Resources */ = {isa = PBXBuildFile; fileRef = E558210C180DCEFB0062777E /* closebox@2x.png */; };
		E5A4C7ED18111DFF0014877C /* status_bar_icon_inverted.png in Resources */ = {isa = PBXBuildFile; fileRef = E56905631809993100A343E9 /* status_bar_icon_inverted.png */; };
		E5A4C7EE18111DFF0014877C /* warning.png in Resources */ = {isa = PBXBuildFile; fileRef = E564523E18089816008ADC99 /* warning.png */; };
		E5A4C7EF18111DFF0014877C /* error@2x.png in Resources */ = {isa = PBXBuildFile; fileRef = E569054918098AA100A343E9 /* error@2x.png */; };
		E5A4C7F018111DFF0014877C /* Credits.rtf in Resources */ = {isa = PBXBuildFile; fileRef = E50310DE17E9986600C2F226 /* Credits.rtf */; };
		E5A4C7F118111DFF0014877C /* wallet.png in Resources */ = {isa = PBXBuildFile; fileRef = E504D7FF17FDA0A300F94081 /* wallet.png */; };
		E5A4C7F218111DFF0014877C /* MWTransactionDetailsWindowController.xib in Resources */ = {isa = PBXBuildFile; fileRef = E548C6F91802BFFB00976CD7 /* MWTransactionDetailsWindowController.xib */; };
		E5A4C7F318111DFF0014877C /* MWPreferenceWalletViewController.xib in Resources */ = {isa = PBXBuildFile; fileRef = E504D7F517FD843100F94081 /* MWPreferenceWalletViewController.xib */; };
		E5A4C7F418111DFF0014877C /* checkpoints in Resources */ = {isa = PBXBuildFile; fileRef = E50153C2180447AA00CFFA69 /* checkpoints */; };
		E5A4C7F518111DFF0014877C /* Localizable.strings in Resources */ = {isa = PBXBuildFile; fileRef = E508D65A17FB26A700CC3CF9 /* Localizable.strings */; };
		E5A4C7F618111DFF0014877C /* ok_small@2x.png in Resources */ = {isa = PBXBuildFile; fileRef = E564524918089A6C008ADC99 /* ok_small@2x.png */; };
		E5A4C7F718111DFF0014877C /* TrustedCheckmark.png in Resources */ = {isa = PBXBuildFile; fileRef = E5C359D517F1DFDE00BA394E /* TrustedCheckmark.png */; };
		E5A4C7F818111DFF0014877C /* Questionmark@2x.png in Resources */ = {isa = PBXBuildFile; fileRef = E528E90F17FAB7B800BF4BAD /* Questionmark@2x.png */; };
		E5A4C7F918111DFF0014877C /* RHPreferencesWindow.xib in Resources */ = {isa = PBXBuildFile; fileRef = E5E2CCC517FC98B3003EBA11 /* RHPreferencesWindow.xib */; };
		E5A4C7FA18111DFF0014877C /* Questionmark.png in Resources */ = {isa = PBXBuildFile; fileRef = E528E90E17FAB7B800BF4BAD /* Questionmark.png */; };
		E5A4C7FB18111DFF0014877C /* icon.icns in Resources */ = {isa = PBXBuildFile; fileRef = E50153C01804440600CFFA69 /* icon.icns */; };
		E5A4C7FC18111DFF0014877C /* secure@2x.png in Resources */ = {isa = PBXBuildFile; fileRef = E569055018098D9400A343E9 /* secure@2x.png */; };
		E5A4C7FD18111DFF0014877C /* warning_red@2x.png in Resources */ = {isa = PBXBuildFile; fileRef = E564523D18089816008ADC99 /* warning_red@2x.png */; };
		E5A4C7FE18111DFF0014877C /* tickers.plist in Resources */ = {isa = PBXBuildFile; fileRef = E504D80117FDA4B500F94081 /* tickers.plist */; };
		E5A4C7FF18111DFF0014877C /* not-secure.png in Resources */ = {isa = PBXBuildFile; fileRef = E569054D18098D9400A343E9 /* not-secure.png */; };
		E5A4C80018111DFF0014877C /* MainMenu.xib in Resources */ = {isa = PBXBuildFile; fileRef = E50310E417E9986600C2F226 /* MainMenu.xib */; };
		E5A4C80118111DFF0014877C /* ok.png in Resources */ = {isa = PBXBuildFile; fileRef = E56452441808989F008ADC99 /* ok.png */; };
		E5A4C80218111DFF0014877C /* MWTransactionsWindowController.xib in Resources */ = {isa = PBXBuildFile; fileRef = E548C6FE1802BFFB00976CD7 /* MWTransactionsWindowController.xib */; };
		E5A4C80318111DFF0014877C /* settings.png in Resources */ = {isa = PBXBuildFile; fileRef = E504D7FD17FDA09D00F94081 /* settings.png */; };
		E5A4C80418111DFF0014877C /* not-secure@2x.png in Resources */ = {isa = PBXBuildFile; fileRef = E569054E18098D9400A343E9 /* not-secure@2x.png */; };
		E5A4C80518111DFF0014877C /* status_bar_icon@2x.png in Resources */ = {isa = PBXBuildFile; fileRef = E569055D1809950F00A343E9 /* status_bar_icon@2x.png */; };
		E5A4C80618111DFF0014877C /* MWPreferenceGeneralViewController.xib in Resources */ = {isa = PBXBuildFile; fileRef = E5E2CCC017FC98B3003EBA11 /* MWPreferenceGeneralViewController.xib */; };
		E5A4C80718111DFF0014877C /* warning_red.png in Resources */ = {isa = PBXBuildFile; fileRef = E564523C18089816008ADC99 /* warning_red.png */; };
		E5A4C80818111DFF0014877C /* warning_red_small@2x.png in Resources */ = {isa = PBXBuildFile; fileRef = E564524B18089A6C008ADC99 /* warning_red_small@2x.png */; };
		E5A4C80918111DFF0014877C /* warning_small@2x.png in Resources */ = {isa = PBXBuildFile; fileRef = E564524D18089A6C008ADC99 /* warning_small@2x.png */; };
		E5A4C80B18111DFF0014877C /* BitcoinJKit.framework in CopyFiles */ = {isa = PBXBuildFile; fileRef = E5D2F47817F447DB00A214F4 /* BitcoinJKit.framework */; };
		E5A4C80C18111DFF0014877C /* Sparkle.framework in CopyFiles */ = {isa = PBXBuildFile; fileRef = E5CDA95F17FC9F2A0037A01E /* Sparkle.framework */; };
		E5B8390117F9FEED004FBBB5 /* RHKeychain.m in Sources */ = {isa = PBXBuildFile; fileRef = E5B8390017F9FEED004FBBB5 /* RHKeychain.m */; settings = {COMPILER_FLAGS = "-fno-objc-arc"; }; };
		E5C359D417F1DFC200BA394E /* TrustedCheckmark@2x.png in Resources */ = {isa = PBXBuildFile; fileRef = E5C359D217F1DFC200BA394E /* TrustedCheckmark@2x.png */; };
		E5C359D617F1DFDE00BA394E /* TrustedCheckmark.png in Resources */ = {isa = PBXBuildFile; fileRef = E5C359D517F1DFDE00BA394E /* TrustedCheckmark.png */; };
		E5C61EE4180C58F900857193 /* MWSendCoinsViewController.m in Sources */ = {isa = PBXBuildFile; fileRef = E5C61EE3180C58F900857193 /* MWSendCoinsViewController.m */; };
		E5CDA96017FC9F2A0037A01E /* Sparkle.framework in Frameworks */ = {isa = PBXBuildFile; fileRef = E5CDA95F17FC9F2A0037A01E /* Sparkle.framework */; };
		E5CDA96217FC9F4F0037A01E /* Sparkle.framework in CopyFiles */ = {isa = PBXBuildFile; fileRef = E5CDA95F17FC9F2A0037A01E /* Sparkle.framework */; };
		E5D2F47917F447E200A214F4 /* BitcoinJKit.framework in Frameworks */ = {isa = PBXBuildFile; fileRef = E5D2F47817F447DB00A214F4 /* BitcoinJKit.framework */; };
		E5D2F47A17F447E400A214F4 /* BitcoinJKit.framework in CopyFiles */ = {isa = PBXBuildFile; fileRef = E5D2F47817F447DB00A214F4 /* BitcoinJKit.framework */; };
		E5E2CCC617FC98B3003EBA11 /* MWPreferenceGeneralViewController.m in Sources */ = {isa = PBXBuildFile; fileRef = E5E2CCBF17FC98B3003EBA11 /* MWPreferenceGeneralViewController.m */; };
		E5E2CCC717FC98B3003EBA11 /* MWPreferenceGeneralViewController.xib in Resources */ = {isa = PBXBuildFile; fileRef = E5E2CCC017FC98B3003EBA11 /* MWPreferenceGeneralViewController.xib */; };
		E5E2CCC917FC98B3003EBA11 /* RHPreferencesWindowController.m in Sources */ = {isa = PBXBuildFile; fileRef = E5E2CCC417FC98B3003EBA11 /* RHPreferencesWindowController.m */; settings = {COMPILER_FLAGS = "-fno-objc-arc"; }; };
		E5E2CCCA17FC98B3003EBA11 /* RHPreferencesWindow.xib in Resources */ = {isa = PBXBuildFile; fileRef = E5E2CCC517FC98B3003EBA11 /* RHPreferencesWindow.xib */; };
		E5E2CCCD17FC9A7D003EBA11 /* LaunchAtLoginController.m in Sources */ = {isa = PBXBuildFile; fileRef = E5E2CCCC17FC9A7D003EBA11 /* LaunchAtLoginController.m */; };
		E5ED01D1180C2461003C7E63 /* MWBasePopover.m in Sources */ = {isa = PBXBuildFile; fileRef = E5ED01CC180C2461003C7E63 /* MWBasePopover.m */; };
		E5ED01D2180C2461003C7E63 /* MWEnterPasswordPopover.m in Sources */ = {isa = PBXBuildFile; fileRef = E5ED01CE180C2461003C7E63 /* MWEnterPasswordPopover.m */; };
		E5ED01D3180C2461003C7E63 /* MWSetPasswordPopover.m in Sources */ = {isa = PBXBuildFile; fileRef = E5ED01D0180C2461003C7E63 /* MWSetPasswordPopover.m */; };
		E5FBD34317F9FFB400E678FE /* Security.framework in Frameworks */ = {isa = PBXBuildFile; fileRef = E5FBD34217F9FFB400E678FE /* Security.framework */; };
/* End PBXBuildFile section */

/* Begin PBXContainerItemProxy section */
		E5D2F47717F447DB00A214F4 /* PBXContainerItemProxy */ = {
			isa = PBXContainerItemProxy;
			containerPortal = E5D2F47317F447DB00A214F4 /* BitcoinJKit.xcodeproj */;
			proxyType = 2;
			remoteGlobalIDString = D958B09D17A29B0500B0EDD5;
			remoteInfo = BitcoinJKit;
		};
/* End PBXContainerItemProxy section */

/* Begin PBXCopyFilesBuildPhase section */
		E503242A17E9998A00C2F226 /* CopyFiles */ = {
			isa = PBXCopyFilesBuildPhase;
			buildActionMask = 2147483647;
			dstPath = "";
			dstSubfolderSpec = 10;
			files = (
				E5D2F47A17F447E400A214F4 /* BitcoinJKit.framework in CopyFiles */,
				E5CDA96217FC9F4F0037A01E /* Sparkle.framework in CopyFiles */,
			);
			runOnlyForDeploymentPostprocessing = 0;
		};
		E5A4C80A18111DFF0014877C /* CopyFiles */ = {
			isa = PBXCopyFilesBuildPhase;
			buildActionMask = 2147483647;
			dstPath = "";
			dstSubfolderSpec = 10;
			files = (
				E5A4C80B18111DFF0014877C /* BitcoinJKit.framework in CopyFiles */,
				E5A4C80C18111DFF0014877C /* Sparkle.framework in CopyFiles */,
			);
			runOnlyForDeploymentPostprocessing = 0;
		};
/* End PBXCopyFilesBuildPhase section */

/* Begin PBXFileReference section */
		E50153C01804440600CFFA69 /* icon.icns */ = {isa = PBXFileReference; lastKnownFileType = image.icns; path = icon.icns; sourceTree = "<group>"; };
		E50153C2180447AA00CFFA69 /* checkpoints */ = {isa = PBXFileReference; lastKnownFileType = file; path = checkpoints; sourceTree = "<group>"; };
		E50153C518044CB800CFFA69 /* NSString+SymlinksAndAliases.h */ = {isa = PBXFileReference; fileEncoding = 4; lastKnownFileType = sourcecode.c.h; path = "NSString+SymlinksAndAliases.h"; sourceTree = "<group>"; };
		E50153C618044CB800CFFA69 /* NSString+SymlinksAndAliases.m */ = {isa = PBXFileReference; fileEncoding = 4; lastKnownFileType = sourcecode.c.objc; path = "NSString+SymlinksAndAliases.m"; sourceTree = "<group>"; };
		E50153C718044CB800CFFA69 /* PFMoveApplication.h */ = {isa = PBXFileReference; fileEncoding = 4; lastKnownFileType = sourcecode.c.h; path = PFMoveApplication.h; sourceTree = "<group>"; };
		E50153C818044CB800CFFA69 /* PFMoveApplication.m */ = {isa = PBXFileReference; fileEncoding = 4; lastKnownFileType = sourcecode.c.objc; path = PFMoveApplication.m; sourceTree = "<group>"; };
		E50310CC17E9986500C2F226 /* MacWallet.app */ = {isa = PBXFileReference; explicitFileType = wrapper.application; includeInIndex = 0; path = MacWallet.app; sourceTree = BUILT_PRODUCTS_DIR; };
		E50310CF17E9986500C2F226 /* Cocoa.framework */ = {isa = PBXFileReference; lastKnownFileType = wrapper.framework; name = Cocoa.framework; path = System/Library/Frameworks/Cocoa.framework; sourceTree = SDKROOT; };
		E50310D217E9986500C2F226 /* AppKit.framework */ = {isa = PBXFileReference; lastKnownFileType = wrapper.framework; name = AppKit.framework; path = System/Library/Frameworks/AppKit.framework; sourceTree = SDKROOT; };
		E50310D317E9986500C2F226 /* CoreData.framework */ = {isa = PBXFileReference; lastKnownFileType = wrapper.framework; name = CoreData.framework; path = System/Library/Frameworks/CoreData.framework; sourceTree = SDKROOT; };
		E50310D417E9986500C2F226 /* Foundation.framework */ = {isa = PBXFileReference; lastKnownFileType = wrapper.framework; name = Foundation.framework; path = System/Library/Frameworks/Foundation.framework; sourceTree = SDKROOT; };
		E50310D717E9986500C2F226 /* MacWallet-Info.plist */ = {isa = PBXFileReference; lastKnownFileType = text.plist.xml; path = "MacWallet-Info.plist"; sourceTree = "<group>"; };
		E50310D917E9986500C2F226 /* en */ = {isa = PBXFileReference; lastKnownFileType = text.plist.strings; name = en; path = en.lproj/InfoPlist.strings; sourceTree = "<group>"; };
		E50310DB17E9986500C2F226 /* main.m */ = {isa = PBXFileReference; lastKnownFileType = sourcecode.c.objc; path = main.m; sourceTree = "<group>"; };
		E50310DD17E9986600C2F226 /* MacWallet-Prefix.pch */ = {isa = PBXFileReference; lastKnownFileType = sourcecode.c.h; path = "MacWallet-Prefix.pch"; sourceTree = "<group>"; };
		E50310DF17E9986600C2F226 /* en */ = {isa = PBXFileReference; lastKnownFileType = text.rtf; name = en; path = en.lproj/Credits.rtf; sourceTree = "<group>"; };
		E50310E117E9986600C2F226 /* MWAppDelegate.h */ = {isa = PBXFileReference; lastKnownFileType = sourcecode.c.h; path = MWAppDelegate.h; sourceTree = "<group>"; };
		E50310E217E9986600C2F226 /* MWAppDelegate.m */ = {isa = PBXFileReference; lastKnownFileType = sourcecode.c.objc; path = MWAppDelegate.m; sourceTree = "<group>"; };
		E50310E517E9986600C2F226 /* en */ = {isa = PBXFileReference; lastKnownFileType = file.xib; name = en; path = en.lproj/MainMenu.xib; sourceTree = "<group>"; };
		E504D7F317FD843100F94081 /* MWPreferenceWalletViewController.h */ = {isa = PBXFileReference; fileEncoding = 4; lastKnownFileType = sourcecode.c.h; path = MWPreferenceWalletViewController.h; sourceTree = "<group>"; };
		E504D7F417FD843100F94081 /* MWPreferenceWalletViewController.m */ = {isa = PBXFileReference; fileEncoding = 4; lastKnownFileType = sourcecode.c.objc; path = MWPreferenceWalletViewController.m; sourceTree = "<group>"; };
		E504D7F517FD843100F94081 /* MWPreferenceWalletViewController.xib */ = {isa = PBXFileReference; fileEncoding = 4; lastKnownFileType = file.xib; path = MWPreferenceWalletViewController.xib; sourceTree = "<group>"; };
		E504D7FD17FDA09D00F94081 /* settings.png */ = {isa = PBXFileReference; lastKnownFileType = image.png; path = settings.png; sourceTree = "<group>"; };
		E504D7FF17FDA0A300F94081 /* wallet.png */ = {isa = PBXFileReference; lastKnownFileType = image.png; path = wallet.png; sourceTree = "<group>"; };
		E504D80117FDA4B500F94081 /* tickers.plist */ = {isa = PBXFileReference; fileEncoding = 4; lastKnownFileType = text.plist.xml; path = tickers.plist; sourceTree = "<group>"; };
		E508D65917FB26A700CC3CF9 /* en */ = {isa = PBXFileReference; lastKnownFileType = text.plist.strings; name = en; path = en.lproj/Localizable.strings; sourceTree = "<group>"; };
		E50D19EA18168F3300AD4F66 /* incoming_payment.png */ = {isa = PBXFileReference; lastKnownFileType = image.png; path = incoming_payment.png; sourceTree = "<group>"; };
		E50D19EB18168F3300AD4F66 /* incoming_payment@2x.png */ = {isa = PBXFileReference; lastKnownFileType = image.png; path = "incoming_payment@2x.png"; sourceTree = "<group>"; };
		E517D5ED181535DB00C0E1AE /* MWFundsReceivedViewController.h */ = {isa = PBXFileReference; fileEncoding = 4; lastKnownFileType = sourcecode.c.h; path = MWFundsReceivedViewController.h; sourceTree = "<group>"; };
		E517D5EE181535DB00C0E1AE /* MWFundsReceivedViewController.m */ = {isa = PBXFileReference; fileEncoding = 4; lastKnownFileType = sourcecode.c.objc; path = MWFundsReceivedViewController.m; sourceTree = "<group>"; };
		E517D5EF181535DB00C0E1AE /* MWFundsReceivedViewController.xib */ = {isa = PBXFileReference; fileEncoding = 4; lastKnownFileType = file.xib; path = MWFundsReceivedViewController.xib; sourceTree = "<group>"; };
		E51CC1EE1814F4D90070BCF9 /* DataMatrix.h */ = {isa = PBXFileReference; fileEncoding = 4; lastKnownFileType = sourcecode.c.h; name = DataMatrix.h; path = "../vendor/QR-Code-Encoder-for-Objective-C/QRCodeEncoderObjectiveCAtGithub/DataMatrix.h"; sourceTree = "<group>"; };
		E51CC1EF1814F4D90070BCF9 /* DataMatrix.mm */ = {isa = PBXFileReference; fileEncoding = 4; lastKnownFileType = sourcecode.cpp.objcpp; name = DataMatrix.mm; path = "../vendor/QR-Code-Encoder-for-Objective-C/QRCodeEncoderObjectiveCAtGithub/DataMatrix.mm"; sourceTree = "<group>"; };
		E51CC1F01814F4D90070BCF9 /* QR_Encode.cpp */ = {isa = PBXFileReference; fileEncoding = 4; lastKnownFileType = sourcecode.cpp.cpp; name = QR_Encode.cpp; path = "../vendor/QR-Code-Encoder-for-Objective-C/QRCodeEncoderObjectiveCAtGithub/QR_Encode.cpp"; sourceTree = "<group>"; };
		E51CC1F11814F4D90070BCF9 /* QR_Encode.hpp */ = {isa = PBXFileReference; fileEncoding = 4; lastKnownFileType = sourcecode.cpp.h; name = QR_Encode.hpp; path = "../vendor/QR-Code-Encoder-for-Objective-C/QRCodeEncoderObjectiveCAtGithub/QR_Encode.hpp"; sourceTree = "<group>"; };
		E51CC1F41814F4D90070BCF9 /* QREncoder.h */ = {isa = PBXFileReference; fileEncoding = 4; lastKnownFileType = sourcecode.c.h; name = QREncoder.h; path = "../vendor/QR-Code-Encoder-for-Objective-C/QRCodeEncoderObjectiveCAtGithub/QREncoder.h"; sourceTree = "<group>"; };
		E51CC1F51814F4D90070BCF9 /* QREncoder.mm */ = {isa = PBXFileReference; fileEncoding = 4; lastKnownFileType = sourcecode.cpp.objcpp; name = QREncoder.mm; path = "../vendor/QR-Code-Encoder-for-Objective-C/QRCodeEncoderObjectiveCAtGithub/QREncoder.mm"; sourceTree = "<group>"; };
		E51CC1FD1814FAB10070BCF9 /* MWAddressDetailViewController.h */ = {isa = PBXFileReference; fileEncoding = 4; lastKnownFileType = sourcecode.c.h; path = MWAddressDetailViewController.h; sourceTree = "<group>"; };
		E51CC1FE1814FAB10070BCF9 /* MWAddressDetailViewController.m */ = {isa = PBXFileReference; fileEncoding = 4; lastKnownFileType = sourcecode.c.objc; path = MWAddressDetailViewController.m; sourceTree = "<group>"; };
		E51CC1FF1814FAB10070BCF9 /* MWAddressDetailViewController.xib */ = {isa = PBXFileReference; fileEncoding = 4; lastKnownFileType = file.xib; path = MWAddressDetailViewController.xib; sourceTree = "<group>"; };
		E528E90E17FAB7B800BF4BAD /* Questionmark.png */ = {isa = PBXFileReference; lastKnownFileType = image.png; path = Questionmark.png; sourceTree = "<group>"; };
		E528E90F17FAB7B800BF4BAD /* Questionmark@2x.png */ = {isa = PBXFileReference; lastKnownFileType = image.png; path = "Questionmark@2x.png"; sourceTree = "<group>"; };
		E531C1EE180876D0009E1B16 /* AXStatusItemPopup.h */ = {isa = PBXFileReference; fileEncoding = 4; lastKnownFileType = sourcecode.c.h; name = AXStatusItemPopup.h; path = ../vendor/AXStatusItemPopup/AXStatusItemPopup/AXStatusItemPopup.h; sourceTree = "<group>"; };
		E531C1EF180876D0009E1B16 /* AXStatusItemPopup.m */ = {isa = PBXFileReference; fileEncoding = 4; lastKnownFileType = sourcecode.c.objc; name = AXStatusItemPopup.m; path = ../vendor/AXStatusItemPopup/AXStatusItemPopup/AXStatusItemPopup.m; sourceTree = "<group>"; };
		E531C1FB18088445009E1B16 /* QuartzCore.framework */ = {isa = PBXFileReference; lastKnownFileType = wrapper.framework; name = QuartzCore.framework; path = System/Library/Frameworks/QuartzCore.framework; sourceTree = SDKROOT; };
		E531C1FD18088CE7009E1B16 /* DuxScrollViewAnimation.h */ = {isa = PBXFileReference; fileEncoding = 4; lastKnownFileType = sourcecode.c.h; path = DuxScrollViewAnimation.h; sourceTree = "<group>"; };
		E531C1FE18088CE7009E1B16 /* DuxScrollViewAnimation.m */ = {isa = PBXFileReference; fileEncoding = 4; lastKnownFileType = sourcecode.c.objc; path = DuxScrollViewAnimation.m; sourceTree = "<group>"; };
		E53B9724180690FA00E8117B /* NSString+NSStringRandomPasswordAdditions.h */ = {isa = PBXFileReference; lastKnownFileType = sourcecode.c.h; path = "NSString+NSStringRandomPasswordAdditions.h"; sourceTree = "<group>"; };
		E53B97261806913700E8117B /* NSString+NSStringRandomPasswordAdditions.m */ = {isa = PBXFileReference; fileEncoding = 4; lastKnownFileType = sourcecode.c.objc; path = "NSString+NSStringRandomPasswordAdditions.m"; sourceTree = "<group>"; };
		E5438C9E180C6B8A007EDFDC /* MWBaseScrollView.h */ = {isa = PBXFileReference; fileEncoding = 4; lastKnownFileType = sourcecode.c.h; path = MWBaseScrollView.h; sourceTree = "<group>"; };
		E5438C9F180C6B8A007EDFDC /* MWBaseScrollView.m */ = {isa = PBXFileReference; fileEncoding = 4; lastKnownFileType = sourcecode.c.objc; path = MWBaseScrollView.m; sourceTree = "<group>"; };
		E548C6EC1802BFB400976CD7 /* MWTickerController.h */ = {isa = PBXFileReference; fileEncoding = 4; lastKnownFileType = sourcecode.c.h; path = MWTickerController.h; sourceTree = "<group>"; };
		E548C6ED1802BFB400976CD7 /* MWTickerController.m */ = {isa = PBXFileReference; fileEncoding = 4; lastKnownFileType = sourcecode.c.objc; path = MWTickerController.m; sourceTree = "<group>"; };
		E548C6F21802BFE600976CD7 /* MWSendCoinsWindowControllerDelegate.h */ = {isa = PBXFileReference; fileEncoding = 4; lastKnownFileType = sourcecode.c.h; path = MWSendCoinsWindowControllerDelegate.h; sourceTree = "<group>"; };
		E548C6F31802BFE600976CD7 /* SendCoinsWindow.xib */ = {isa = PBXFileReference; fileEncoding = 4; lastKnownFileType = file.xib; path = SendCoinsWindow.xib; sourceTree = "<group>"; };
		E548C6F71802BFFB00976CD7 /* MWTransactionDetailsWindowController.h */ = {isa = PBXFileReference; fileEncoding = 4; lastKnownFileType = sourcecode.c.h; path = MWTransactionDetailsWindowController.h; sourceTree = "<group>"; };
		E548C6F81802BFFB00976CD7 /* MWTransactionDetailsWindowController.m */ = {isa = PBXFileReference; fileEncoding = 4; lastKnownFileType = sourcecode.c.objc; path = MWTransactionDetailsWindowController.m; sourceTree = "<group>"; };
		E548C6F91802BFFB00976CD7 /* MWTransactionDetailsWindowController.xib */ = {isa = PBXFileReference; fileEncoding = 4; lastKnownFileType = file.xib; path = MWTransactionDetailsWindowController.xib; sourceTree = "<group>"; };
		E548C6FA1802BFFB00976CD7 /* MWTransactionMenuItem.h */ = {isa = PBXFileReference; fileEncoding = 4; lastKnownFileType = sourcecode.c.h; path = MWTransactionMenuItem.h; sourceTree = "<group>"; };
		E548C6FB1802BFFB00976CD7 /* MWTransactionMenuItem.m */ = {isa = PBXFileReference; fileEncoding = 4; lastKnownFileType = sourcecode.c.objc; path = MWTransactionMenuItem.m; sourceTree = "<group>"; };
		E548C6FC1802BFFB00976CD7 /* MWTransactionsWindowController.h */ = {isa = PBXFileReference; fileEncoding = 4; lastKnownFileType = sourcecode.c.h; path = MWTransactionsWindowController.h; sourceTree = "<group>"; };
		E548C6FD1802BFFB00976CD7 /* MWTransactionsWindowController.m */ = {isa = PBXFileReference; fileEncoding = 4; lastKnownFileType = sourcecode.c.objc; path = MWTransactionsWindowController.m; sourceTree = "<group>"; };
		E548C6FE1802BFFB00976CD7 /* MWTransactionsWindowController.xib */ = {isa = PBXFileReference; fileEncoding = 4; lastKnownFileType = file.xib; path = MWTransactionsWindowController.xib; sourceTree = "<group>"; };
		E558210C180DCEFB0062777E /* closebox@2x.png */ = {isa = PBXFileReference; lastKnownFileType = image.png; path = "closebox@2x.png"; sourceTree = "<group>"; };
		E5645236180891EB008ADC99 /* PasswordChecker.m */ = {isa = PBXFileReference; fileEncoding = 4; lastKnownFileType = sourcecode.c.objc; path = PasswordChecker.m; sourceTree = "<group>"; };
		E564523818089214008ADC99 /* PasswordChecker.h */ = {isa = PBXFileReference; lastKnownFileType = sourcecode.c.h; path = PasswordChecker.h; sourceTree = "<group>"; };
		E5645239180894EE008ADC99 /* NSWindow+canBecomeKeyWindow.m */ = {isa = PBXFileReference; fileEncoding = 4; lastKnownFileType = sourcecode.c.objc; path = "NSWindow+canBecomeKeyWindow.m"; sourceTree = "<group>"; };
		E564523A180894EE008ADC99 /* NSWindow+canBecomeKeyWindow.h */ = {isa = PBXFileReference; fileEncoding = 4; lastKnownFileType = sourcecode.c.h; path = "NSWindow+canBecomeKeyWindow.h"; sourceTree = "<group>"; };
		E564523C18089816008ADC99 /* warning_red.png */ = {isa = PBXFileReference; lastKnownFileType = image.png; path = warning_red.png; sourceTree = "<group>"; };
		E564523D18089816008ADC99 /* warning_red@2x.png */ = {isa = PBXFileReference; lastKnownFileType = image.png; path = "warning_red@2x.png"; sourceTree = "<group>"; };
		E564523E18089816008ADC99 /* warning.png */ = {isa = PBXFileReference; lastKnownFileType = image.png; path = warning.png; sourceTree = "<group>"; };
		E564523F18089816008ADC99 /* warning@2x.png */ = {isa = PBXFileReference; lastKnownFileType = image.png; path = "warning@2x.png"; sourceTree = "<group>"; };
		E56452441808989F008ADC99 /* ok.png */ = {isa = PBXFileReference; lastKnownFileType = image.png; path = ok.png; sourceTree = "<group>"; };
		E56452451808989F008ADC99 /* ok@2x.png */ = {isa = PBXFileReference; lastKnownFileType = image.png; path = "ok@2x.png"; sourceTree = "<group>"; };
		E564524818089A6C008ADC99 /* ok_small.png */ = {isa = PBXFileReference; lastKnownFileType = image.png; path = ok_small.png; sourceTree = "<group>"; };
		E564524918089A6C008ADC99 /* ok_small@2x.png */ = {isa = PBXFileReference; lastKnownFileType = image.png; path = "ok_small@2x.png"; sourceTree = "<group>"; };
		E564524A18089A6C008ADC99 /* warning_red_small.png */ = {isa = PBXFileReference; lastKnownFileType = image.png; path = warning_red_small.png; sourceTree = "<group>"; };
		E564524B18089A6C008ADC99 /* warning_red_small@2x.png */ = {isa = PBXFileReference; lastKnownFileType = image.png; path = "warning_red_small@2x.png"; sourceTree = "<group>"; };
		E564524C18089A6C008ADC99 /* warning_small.png */ = {isa = PBXFileReference; lastKnownFileType = image.png; path = warning_small.png; sourceTree = "<group>"; };
		E564524D18089A6C008ADC99 /* warning_small@2x.png */ = {isa = PBXFileReference; lastKnownFileType = image.png; path = "warning_small@2x.png"; sourceTree = "<group>"; };
		E569054818098AA100A343E9 /* error.png */ = {isa = PBXFileReference; lastKnownFileType = image.png; path = error.png; sourceTree = "<group>"; };
		E569054918098AA100A343E9 /* error@2x.png */ = {isa = PBXFileReference; lastKnownFileType = image.png; path = "error@2x.png"; sourceTree = "<group>"; };
		E569054D18098D9400A343E9 /* not-secure.png */ = {isa = PBXFileReference; lastKnownFileType = image.png; path = "not-secure.png"; sourceTree = "<group>"; };
		E569054E18098D9400A343E9 /* not-secure@2x.png */ = {isa = PBXFileReference; lastKnownFileType = image.png; path = "not-secure@2x.png"; sourceTree = "<group>"; };
		E569054F18098D9400A343E9 /* secure.png */ = {isa = PBXFileReference; lastKnownFileType = image.png; path = secure.png; sourceTree = "<group>"; };
		E569055018098D9400A343E9 /* secure@2x.png */ = {isa = PBXFileReference; lastKnownFileType = image.png; path = "secure@2x.png"; sourceTree = "<group>"; };
		E569055C1809950F00A343E9 /* status_bar_icon.png */ = {isa = PBXFileReference; lastKnownFileType = image.png; path = status_bar_icon.png; sourceTree = "<group>"; };
		E569055D1809950F00A343E9 /* status_bar_icon@2x.png */ = {isa = PBXFileReference; lastKnownFileType = image.png; path = "status_bar_icon@2x.png"; sourceTree = "<group>"; };
		E56905601809956D00A343E9 /* MWStatusItem.h */ = {isa = PBXFileReference; fileEncoding = 4; lastKnownFileType = sourcecode.c.h; path = MWStatusItem.h; sourceTree = "<group>"; };
		E56905611809956D00A343E9 /* MWStatusItem.m */ = {isa = PBXFileReference; fileEncoding = 4; lastKnownFileType = sourcecode.c.objc; path = MWStatusItem.m; sourceTree = "<group>"; };
		E56905631809993100A343E9 /* status_bar_icon_inverted.png */ = {isa = PBXFileReference; lastKnownFileType = image.png; path = status_bar_icon_inverted.png; sourceTree = "<group>"; };
		E56905641809993100A343E9 /* status_bar_icon_inverted@2x.png */ = {isa = PBXFileReference; lastKnownFileType = image.png; path = "status_bar_icon_inverted@2x.png"; sourceTree = "<group>"; };
		E579C0AB1802CD7C00D8B61D /* sparkle_update_dsa_pub.pem */ = {isa = PBXFileReference; fileEncoding = 4; lastKnownFileType = text; path = sparkle_update_dsa_pub.pem; sourceTree = "<group>"; };
		E58B366F181695A800BEDB97 /* en-GU */ = {isa = PBXFileReference; lastKnownFileType = text.plist.strings; name = "en-GU"; path = "en-GU.lproj/Localizable.strings"; sourceTree = "<group>"; };
		E58DF3FD180FFC98004877BC /* MWPreferenceIncomingPaymentViewController.h */ = {isa = PBXFileReference; fileEncoding = 4; lastKnownFileType = sourcecode.c.h; path = MWPreferenceIncomingPaymentViewController.h; sourceTree = "<group>"; };
		E58DF3FE180FFC98004877BC /* MWPreferenceIncomingPaymentViewController.m */ = {isa = PBXFileReference; fileEncoding = 4; lastKnownFileType = sourcecode.c.objc; path = MWPreferenceIncomingPaymentViewController.m; sourceTree = "<group>"; };
		E58DF3FF180FFC98004877BC /* MWPreferenceIncomingPaymentViewController.xib */ = {isa = PBXFileReference; fileEncoding = 4; lastKnownFileType = file.xib; path = MWPreferenceIncomingPaymentViewController.xib; sourceTree = "<group>"; };
		E58DF403181020A0004877BC /* de */ = {isa = PBXFileReference; lastKnownFileType = text.plist.strings; name = de; path = de.lproj/InfoPlist.strings; sourceTree = "<group>"; };
		E58DF404181020A0004877BC /* de */ = {isa = PBXFileReference; lastKnownFileType = text.rtf; name = de; path = de.lproj/Credits.rtf; sourceTree = "<group>"; };
		E58DF405181020A0004877BC /* de */ = {isa = PBXFileReference; lastKnownFileType = text.plist.strings; name = de; path = de.lproj/Localizable.strings; sourceTree = "<group>"; };
		E5A4C81018111DFF0014877C /* MacWallet copy.app */ = {isa = PBXFileReference; explicitFileType = wrapper.application; includeInIndex = 0; path = "MacWallet copy.app"; sourceTree = BUILT_PRODUCTS_DIR; };
		E5A4C81118111E000014877C /* MacWallet copy-Info.plist */ = {isa = PBXFileReference; lastKnownFileType = text.plist.xml; name = "MacWallet copy-Info.plist"; path = "/Users/jonasschnelli/Documents/bitcoin/MacWalletApp/MacWalletApp/MacWallet copy-Info.plist"; sourceTree = "<absolute>"; };
		E5A4C812181127EC0014877C /* I7MacInterfaceAutomation.h */ = {isa = PBXFileReference; fileEncoding = 4; lastKnownFileType = sourcecode.c.h; path = I7MacInterfaceAutomation.h; sourceTree = "<group>"; };
		E5A4C813181127EC0014877C /* I7MacInterfaceAutomation.m */ = {isa = PBXFileReference; fileEncoding = 4; lastKnownFileType = sourcecode.c.objc; path = I7MacInterfaceAutomation.m; sourceTree = "<group>"; };
		E5B838FF17F9FEED004FBBB5 /* RHKeychain.h */ = {isa = PBXFileReference; fileEncoding = 4; lastKnownFileType = sourcecode.c.h; name = RHKeychain.h; path = ../vendor/RHKeychain/RHKeychain/RHKeychain.h; sourceTree = "<group>"; };
		E5B8390017F9FEED004FBBB5 /* RHKeychain.m */ = {isa = PBXFileReference; fileEncoding = 4; lastKnownFileType = sourcecode.c.objc; name = RHKeychain.m; path = ../vendor/RHKeychain/RHKeychain/RHKeychain.m; sourceTree = "<group>"; };
		E5C1FF3B18106B9200220E06 /* pt */ = {isa = PBXFileReference; lastKnownFileType = text.plist.strings; name = pt; path = pt.lproj/InfoPlist.strings; sourceTree = "<group>"; };
		E5C1FF3C18106B9200220E06 /* pt */ = {isa = PBXFileReference; lastKnownFileType = text.rtf; name = pt; path = pt.lproj/Credits.rtf; sourceTree = "<group>"; };
		E5C1FF3D18106B9200220E06 /* pt */ = {isa = PBXFileReference; lastKnownFileType = text.plist.strings; name = pt; path = pt.lproj/Localizable.strings; sourceTree = "<group>"; };
		E5C1FF9518106FBA00220E06 /* MWTestRunTests.h */ = {isa = PBXFileReference; fileEncoding = 4; lastKnownFileType = sourcecode.c.h; path = MWTestRunTests.h; sourceTree = "<group>"; };
		E5C1FF9618106FBA00220E06 /* MWTestRunTests.m */ = {isa = PBXFileReference; fileEncoding = 4; lastKnownFileType = sourcecode.c.objc; path = MWTestRunTests.m; sourceTree = "<group>"; };
		E5C1FFB718107A3D00220E06 /* XCTest.framework */ = {isa = PBXFileReference; lastKnownFileType = wrapper.framework; name = XCTest.framework; path = Library/Frameworks/XCTest.framework; sourceTree = DEVELOPER_DIR; };
		E5C359D217F1DFC200BA394E /* TrustedCheckmark@2x.png */ = {isa = PBXFileReference; lastKnownFileType = image.png; path = "TrustedCheckmark@2x.png"; sourceTree = "<group>"; };
		E5C359D517F1DFDE00BA394E /* TrustedCheckmark.png */ = {isa = PBXFileReference; lastKnownFileType = image.png; path = TrustedCheckmark.png; sourceTree = "<group>"; };
		E5C61EE2180C58F900857193 /* MWSendCoinsViewController.h */ = {isa = PBXFileReference; fileEncoding = 4; lastKnownFileType = sourcecode.c.h; path = MWSendCoinsViewController.h; sourceTree = "<group>"; };
		E5C61EE3180C58F900857193 /* MWSendCoinsViewController.m */ = {isa = PBXFileReference; fileEncoding = 4; lastKnownFileType = sourcecode.c.objc; path = MWSendCoinsViewController.m; sourceTree = "<group>"; };
		E5CDA95F17FC9F2A0037A01E /* Sparkle.framework */ = {isa = PBXFileReference; lastKnownFileType = wrapper.framework; name = Sparkle.framework; path = ../vendor/Sparkle.framework; sourceTree = "<group>"; };
		E5D2F47317F447DB00A214F4 /* BitcoinJKit.xcodeproj */ = {isa = PBXFileReference; lastKnownFileType = "wrapper.pb-project"; name = BitcoinJKit.xcodeproj; path = ../BitcoinJKit/BitcoinJKit.xcodeproj; sourceTree = "<group>"; };
		E5E2CCBE17FC98B3003EBA11 /* MWPreferenceGeneralViewController.h */ = {isa = PBXFileReference; fileEncoding = 4; lastKnownFileType = sourcecode.c.h; path = MWPreferenceGeneralViewController.h; sourceTree = "<group>"; };
		E5E2CCBF17FC98B3003EBA11 /* MWPreferenceGeneralViewController.m */ = {isa = PBXFileReference; fileEncoding = 4; lastKnownFileType = sourcecode.c.objc; path = MWPreferenceGeneralViewController.m; sourceTree = "<group>"; };
		E5E2CCC017FC98B3003EBA11 /* MWPreferenceGeneralViewController.xib */ = {isa = PBXFileReference; fileEncoding = 4; lastKnownFileType = file.xib; path = MWPreferenceGeneralViewController.xib; sourceTree = "<group>"; };
		E5E2CCC217FC98B3003EBA11 /* RHPreferences.h */ = {isa = PBXFileReference; fileEncoding = 4; lastKnownFileType = sourcecode.c.h; path = RHPreferences.h; sourceTree = "<group>"; };
		E5E2CCC317FC98B3003EBA11 /* RHPreferencesWindowController.h */ = {isa = PBXFileReference; fileEncoding = 4; lastKnownFileType = sourcecode.c.h; path = RHPreferencesWindowController.h; sourceTree = "<group>"; };
		E5E2CCC417FC98B3003EBA11 /* RHPreferencesWindowController.m */ = {isa = PBXFileReference; fileEncoding = 4; lastKnownFileType = sourcecode.c.objc; path = RHPreferencesWindowController.m; sourceTree = "<group>"; };
		E5E2CCC517FC98B3003EBA11 /* RHPreferencesWindow.xib */ = {isa = PBXFileReference; fileEncoding = 4; lastKnownFileType = file.xib; path = RHPreferencesWindow.xib; sourceTree = "<group>"; };
		E5E2CCCB17FC9A7D003EBA11 /* LaunchAtLoginController.h */ = {isa = PBXFileReference; fileEncoding = 4; lastKnownFileType = sourcecode.c.h; name = LaunchAtLoginController.h; path = ../vendor/LaunchAtLoginController/LaunchAtLoginController.h; sourceTree = "<group>"; };
		E5E2CCCC17FC9A7D003EBA11 /* LaunchAtLoginController.m */ = {isa = PBXFileReference; fileEncoding = 4; lastKnownFileType = sourcecode.c.objc; name = LaunchAtLoginController.m; path = ../vendor/LaunchAtLoginController/LaunchAtLoginController.m; sourceTree = "<group>"; };
		E5ED01CB180C2461003C7E63 /* MWBasePopover.h */ = {isa = PBXFileReference; fileEncoding = 4; lastKnownFileType = sourcecode.c.h; path = MWBasePopover.h; sourceTree = "<group>"; };
		E5ED01CC180C2461003C7E63 /* MWBasePopover.m */ = {isa = PBXFileReference; fileEncoding = 4; lastKnownFileType = sourcecode.c.objc; path = MWBasePopover.m; sourceTree = "<group>"; };
		E5ED01CD180C2461003C7E63 /* MWEnterPasswordPopover.h */ = {isa = PBXFileReference; fileEncoding = 4; lastKnownFileType = sourcecode.c.h; path = MWEnterPasswordPopover.h; sourceTree = "<group>"; };
		E5ED01CE180C2461003C7E63 /* MWEnterPasswordPopover.m */ = {isa = PBXFileReference; fileEncoding = 4; lastKnownFileType = sourcecode.c.objc; path = MWEnterPasswordPopover.m; sourceTree = "<group>"; };
		E5ED01CF180C2461003C7E63 /* MWSetPasswordPopover.h */ = {isa = PBXFileReference; fileEncoding = 4; lastKnownFileType = sourcecode.c.h; path = MWSetPasswordPopover.h; sourceTree = "<group>"; };
		E5ED01D0180C2461003C7E63 /* MWSetPasswordPopover.m */ = {isa = PBXFileReference; fileEncoding = 4; lastKnownFileType = sourcecode.c.objc; path = MWSetPasswordPopover.m; sourceTree = "<group>"; };
		E5FBD34217F9FFB400E678FE /* Security.framework */ = {isa = PBXFileReference; lastKnownFileType = wrapper.framework; name = Security.framework; path = System/Library/Frameworks/Security.framework; sourceTree = SDKROOT; };
/* End PBXFileReference section */

/* Begin PBXFrameworksBuildPhase section */
		E50310C917E9986500C2F226 /* Frameworks */ = {
			isa = PBXFrameworksBuildPhase;
			buildActionMask = 2147483647;
			files = (
				E531C1FC18088445009E1B16 /* QuartzCore.framework in Frameworks */,
				E5FBD34317F9FFB400E678FE /* Security.framework in Frameworks */,
				E50310D017E9986500C2F226 /* Cocoa.framework in Frameworks */,
				E5D2F47917F447E200A214F4 /* BitcoinJKit.framework in Frameworks */,
				E5CDA96017FC9F2A0037A01E /* Sparkle.framework in Frameworks */,
			);
			runOnlyForDeploymentPostprocessing = 0;
		};
		E5A4C7D718111DFF0014877C /* Frameworks */ = {
			isa = PBXFrameworksBuildPhase;
			buildActionMask = 2147483647;
			files = (
				E5A4C7D818111DFF0014877C /* QuartzCore.framework in Frameworks */,
				E5A4C7D918111DFF0014877C /* Security.framework in Frameworks */,
				E5A4C7DA18111DFF0014877C /* Cocoa.framework in Frameworks */,
				E5A4C7DB18111DFF0014877C /* BitcoinJKit.framework in Frameworks */,
				E5A4C7DC18111DFF0014877C /* Sparkle.framework in Frameworks */,
			);
			runOnlyForDeploymentPostprocessing = 0;
		};
/* End PBXFrameworksBuildPhase section */

/* Begin PBXGroup section */
		E50310C317E9986500C2F226 = {
			isa = PBXGroup;
			children = (
				E50153C01804440600CFFA69 /* icon.icns */,
				E5B838FE17F9FEE5004FBBB5 /* vendor */,
				E50310D517E9986500C2F226 /* MacWallet */,
				E5C1FF9418106FA600220E06 /* MacWalletTests */,
				E50310CE17E9986500C2F226 /* Frameworks */,
				E50310CD17E9986500C2F226 /* Products */,
				E5A4C81118111E000014877C /* MacWallet copy-Info.plist */,
			);
			sourceTree = "<group>";
		};
		E50310CD17E9986500C2F226 /* Products */ = {
			isa = PBXGroup;
			children = (
				E50310CC17E9986500C2F226 /* MacWallet.app */,
				E5A4C81018111DFF0014877C /* MacWallet copy.app */,
			);
			name = Products;
			sourceTree = "<group>";
		};
		E50310CE17E9986500C2F226 /* Frameworks */ = {
			isa = PBXGroup;
			children = (
				E531C1FB18088445009E1B16 /* QuartzCore.framework */,
				E5CDA95F17FC9F2A0037A01E /* Sparkle.framework */,
				E5FBD34217F9FFB400E678FE /* Security.framework */,
				E5D2F47317F447DB00A214F4 /* BitcoinJKit.xcodeproj */,
				E50310CF17E9986500C2F226 /* Cocoa.framework */,
				E5C1FFB718107A3D00220E06 /* XCTest.framework */,
				E50310D117E9986500C2F226 /* Other Frameworks */,
			);
			name = Frameworks;
			sourceTree = "<group>";
		};
		E50310D117E9986500C2F226 /* Other Frameworks */ = {
			isa = PBXGroup;
			children = (
				E50310D217E9986500C2F226 /* AppKit.framework */,
				E50310D317E9986500C2F226 /* CoreData.framework */,
				E50310D417E9986500C2F226 /* Foundation.framework */,
			);
			name = "Other Frameworks";
			sourceTree = "<group>";
		};
		E50310D517E9986500C2F226 /* MacWallet */ = {
			isa = PBXGroup;
			children = (
				E51CC1FC1814FA9B0070BCF9 /* QRCode */,
				E548C6F61802BFFB00976CD7 /* Transaction */,
				E548C6EF1802BFE600976CD7 /* SendCoins */,
				E548C6EB1802BF9F00976CD7 /* Ticker */,
				E5ED01CA180C244A003C7E63 /* Popovers */,
				E5E2CCBC17FC98A9003EBA11 /* Preferences */,
				E50310E417E9986600C2F226 /* MainMenu.xib */,
				E56905601809956D00A343E9 /* MWStatusItem.h */,
				E56905611809956D00A343E9 /* MWStatusItem.m */,
				E50310E117E9986600C2F226 /* MWAppDelegate.h */,
				E50310E217E9986600C2F226 /* MWAppDelegate.m */,
				E5C359D017F1DFC200BA394E /* res */,
				E50310D617E9986500C2F226 /* Supporting Files */,
				E53B9724180690FA00E8117B /* NSString+NSStringRandomPasswordAdditions.h */,
				E53B97261806913700E8117B /* NSString+NSStringRandomPasswordAdditions.m */,
			);
			path = MacWallet;
			sourceTree = "<group>";
		};
		E50310D617E9986500C2F226 /* Supporting Files */ = {
			isa = PBXGroup;
			children = (
				E50153C2180447AA00CFFA69 /* checkpoints */,
				E579C0AB1802CD7C00D8B61D /* sparkle_update_dsa_pub.pem */,
				E50310D717E9986500C2F226 /* MacWallet-Info.plist */,
				E50310D817E9986500C2F226 /* InfoPlist.strings */,
				E50310DB17E9986500C2F226 /* main.m */,
				E50310DD17E9986600C2F226 /* MacWallet-Prefix.pch */,
				E50310DE17E9986600C2F226 /* Credits.rtf */,
				E508D65A17FB26A700CC3CF9 /* Localizable.strings */,
				E504D80117FDA4B500F94081 /* tickers.plist */,
			);
			name = "Supporting Files";
			sourceTree = "<group>";
		};
		E51CC1EC1814F4BA0070BCF9 /* QR-Code */ = {
			isa = PBXGroup;
			children = (
				E51CC1EE1814F4D90070BCF9 /* DataMatrix.h */,
				E51CC1EF1814F4D90070BCF9 /* DataMatrix.mm */,
				E51CC1F01814F4D90070BCF9 /* QR_Encode.cpp */,
				E51CC1F11814F4D90070BCF9 /* QR_Encode.hpp */,
				E51CC1F41814F4D90070BCF9 /* QREncoder.h */,
				E51CC1F51814F4D90070BCF9 /* QREncoder.mm */,
			);
			name = "QR-Code";
			sourceTree = "<group>";
		};
		E51CC1FC1814FA9B0070BCF9 /* QRCode */ = {
			isa = PBXGroup;
			children = (
				E51CC1FD1814FAB10070BCF9 /* MWAddressDetailViewController.h */,
				E51CC1FE1814FAB10070BCF9 /* MWAddressDetailViewController.m */,
				E51CC1FF1814FAB10070BCF9 /* MWAddressDetailViewController.xib */,
			);
			path = QRCode;
			sourceTree = "<group>";
		};
		E548C6EB1802BF9F00976CD7 /* Ticker */ = {
			isa = PBXGroup;
			children = (
				E548C6EC1802BFB400976CD7 /* MWTickerController.h */,
				E548C6ED1802BFB400976CD7 /* MWTickerController.m */,
			);
			path = Ticker;
			sourceTree = "<group>";
		};
		E548C6EF1802BFE600976CD7 /* SendCoins */ = {
			isa = PBXGroup;
			children = (
				E548C6F21802BFE600976CD7 /* MWSendCoinsWindowControllerDelegate.h */,
				E548C6F31802BFE600976CD7 /* SendCoinsWindow.xib */,
				E5C61EE2180C58F900857193 /* MWSendCoinsViewController.h */,
				E5C61EE3180C58F900857193 /* MWSendCoinsViewController.m */,
				E5438C9E180C6B8A007EDFDC /* MWBaseScrollView.h */,
				E5438C9F180C6B8A007EDFDC /* MWBaseScrollView.m */,
			);
			path = SendCoins;
			sourceTree = "<group>";
		};
		E548C6F61802BFFB00976CD7 /* Transaction */ = {
			isa = PBXGroup;
			children = (
				E548C6F71802BFFB00976CD7 /* MWTransactionDetailsWindowController.h */,
				E548C6F81802BFFB00976CD7 /* MWTransactionDetailsWindowController.m */,
				E548C6F91802BFFB00976CD7 /* MWTransactionDetailsWindowController.xib */,
				E548C6FA1802BFFB00976CD7 /* MWTransactionMenuItem.h */,
				E548C6FB1802BFFB00976CD7 /* MWTransactionMenuItem.m */,
				E548C6FC1802BFFB00976CD7 /* MWTransactionsWindowController.h */,
				E548C6FD1802BFFB00976CD7 /* MWTransactionsWindowController.m */,
				E548C6FE1802BFFB00976CD7 /* MWTransactionsWindowController.xib */,
			);
			path = Transaction;
			sourceTree = "<group>";
		};
		E5B838FE17F9FEE5004FBBB5 /* vendor */ = {
			isa = PBXGroup;
			children = (
				E51CC1EC1814F4BA0070BCF9 /* QR-Code */,
				E5645239180894EE008ADC99 /* NSWindow+canBecomeKeyWindow.m */,
				E564523A180894EE008ADC99 /* NSWindow+canBecomeKeyWindow.h */,
				E5645236180891EB008ADC99 /* PasswordChecker.m */,
				E564523818089214008ADC99 /* PasswordChecker.h */,
				E531C1FD18088CE7009E1B16 /* DuxScrollViewAnimation.h */,
				E531C1FE18088CE7009E1B16 /* DuxScrollViewAnimation.m */,
				E531C1EE180876D0009E1B16 /* AXStatusItemPopup.h */,
				E531C1EF180876D0009E1B16 /* AXStatusItemPopup.m */,
				E5E2CCCB17FC9A7D003EBA11 /* LaunchAtLoginController.h */,
				E5E2CCCC17FC9A7D003EBA11 /* LaunchAtLoginController.m */,
				E5B838FF17F9FEED004FBBB5 /* RHKeychain.h */,
				E5B8390017F9FEED004FBBB5 /* RHKeychain.m */,
				E50153C518044CB800CFFA69 /* NSString+SymlinksAndAliases.h */,
				E50153C618044CB800CFFA69 /* NSString+SymlinksAndAliases.m */,
				E50153C718044CB800CFFA69 /* PFMoveApplication.h */,
				E50153C818044CB800CFFA69 /* PFMoveApplication.m */,
			);
			name = vendor;
			sourceTree = "<group>";
		};
		E5C1FF9418106FA600220E06 /* MacWalletTests */ = {
			isa = PBXGroup;
			children = (
				E5C1FF9518106FBA00220E06 /* MWTestRunTests.h */,
				E5C1FF9618106FBA00220E06 /* MWTestRunTests.m */,
				E5A4C812181127EC0014877C /* I7MacInterfaceAutomation.h */,
				E5A4C813181127EC0014877C /* I7MacInterfaceAutomation.m */,
			);
			path = MacWalletTests;
			sourceTree = "<group>";
		};
		E5C359D017F1DFC200BA394E /* res */ = {
			isa = PBXGroup;
			children = (
				E50D19EA18168F3300AD4F66 /* incoming_payment.png */,
				E50D19EB18168F3300AD4F66 /* incoming_payment@2x.png */,
				E558210C180DCEFB0062777E /* closebox@2x.png */,
				E56905631809993100A343E9 /* status_bar_icon_inverted.png */,
				E56905641809993100A343E9 /* status_bar_icon_inverted@2x.png */,
				E569055C1809950F00A343E9 /* status_bar_icon.png */,
				E569055D1809950F00A343E9 /* status_bar_icon@2x.png */,
				E569054D18098D9400A343E9 /* not-secure.png */,
				E569054E18098D9400A343E9 /* not-secure@2x.png */,
				E569054F18098D9400A343E9 /* secure.png */,
				E569055018098D9400A343E9 /* secure@2x.png */,
				E569054818098AA100A343E9 /* error.png */,
				E569054918098AA100A343E9 /* error@2x.png */,
				E564524818089A6C008ADC99 /* ok_small.png */,
				E564524918089A6C008ADC99 /* ok_small@2x.png */,
				E564524A18089A6C008ADC99 /* warning_red_small.png */,
				E564524B18089A6C008ADC99 /* warning_red_small@2x.png */,
				E564524C18089A6C008ADC99 /* warning_small.png */,
				E564524D18089A6C008ADC99 /* warning_small@2x.png */,
				E56452441808989F008ADC99 /* ok.png */,
				E56452451808989F008ADC99 /* ok@2x.png */,
				E564523C18089816008ADC99 /* warning_red.png */,
				E564523D18089816008ADC99 /* warning_red@2x.png */,
				E564523E18089816008ADC99 /* warning.png */,
				E564523F18089816008ADC99 /* warning@2x.png */,
				E504D7FF17FDA0A300F94081 /* wallet.png */,
				E504D7FD17FDA09D00F94081 /* settings.png */,
				E5C359D517F1DFDE00BA394E /* TrustedCheckmark.png */,
				E5C359D217F1DFC200BA394E /* TrustedCheckmark@2x.png */,
				E528E90E17FAB7B800BF4BAD /* Questionmark.png */,
				E528E90F17FAB7B800BF4BAD /* Questionmark@2x.png */,
			);
			path = res;
			sourceTree = SOURCE_ROOT;
		};
		E5D2F47417F447DB00A214F4 /* Products */ = {
			isa = PBXGroup;
			children = (
				E5D2F47817F447DB00A214F4 /* BitcoinJKit.framework */,
			);
			name = Products;
			sourceTree = "<group>";
		};
		E5E2CCBC17FC98A9003EBA11 /* Preferences */ = {
			isa = PBXGroup;
			children = (
				E504D7F317FD843100F94081 /* MWPreferenceWalletViewController.h */,
				E504D7F417FD843100F94081 /* MWPreferenceWalletViewController.m */,
				E504D7F517FD843100F94081 /* MWPreferenceWalletViewController.xib */,
				E5E2CCBE17FC98B3003EBA11 /* MWPreferenceGeneralViewController.h */,
				E5E2CCBF17FC98B3003EBA11 /* MWPreferenceGeneralViewController.m */,
				E5E2CCC017FC98B3003EBA11 /* MWPreferenceGeneralViewController.xib */,
				E5E2CCC217FC98B3003EBA11 /* RHPreferences.h */,
				E5E2CCC317FC98B3003EBA11 /* RHPreferencesWindowController.h */,
				E5E2CCC417FC98B3003EBA11 /* RHPreferencesWindowController.m */,
				E5E2CCC517FC98B3003EBA11 /* RHPreferencesWindow.xib */,
				E58DF3FD180FFC98004877BC /* MWPreferenceIncomingPaymentViewController.h */,
				E58DF3FE180FFC98004877BC /* MWPreferenceIncomingPaymentViewController.m */,
				E58DF3FF180FFC98004877BC /* MWPreferenceIncomingPaymentViewController.xib */,
			);
			path = Preferences;
			sourceTree = "<group>";
		};
		E5ED01CA180C244A003C7E63 /* Popovers */ = {
			isa = PBXGroup;
			children = (
				E5ED01CB180C2461003C7E63 /* MWBasePopover.h */,
				E5ED01CC180C2461003C7E63 /* MWBasePopover.m */,
				E5ED01CD180C2461003C7E63 /* MWEnterPasswordPopover.h */,
				E5ED01CE180C2461003C7E63 /* MWEnterPasswordPopover.m */,
				E5ED01CF180C2461003C7E63 /* MWSetPasswordPopover.h */,
				E5ED01D0180C2461003C7E63 /* MWSetPasswordPopover.m */,
				E517D5ED181535DB00C0E1AE /* MWFundsReceivedViewController.h */,
				E517D5EE181535DB00C0E1AE /* MWFundsReceivedViewController.m */,
				E517D5EF181535DB00C0E1AE /* MWFundsReceivedViewController.xib */,
			);
			path = Popovers;
			sourceTree = "<group>";
		};
/* End PBXGroup section */

/* Begin PBXNativeTarget section */
		E50310CB17E9986500C2F226 /* MacWallet */ = {
			isa = PBXNativeTarget;
			buildConfigurationList = E50310E917E9986600C2F226 /* Build configuration list for PBXNativeTarget "MacWallet" */;
			buildPhases = (
				E50310C817E9986500C2F226 /* Sources */,
				E50310C917E9986500C2F226 /* Frameworks */,
				E50310CA17E9986500C2F226 /* Resources */,
				E503242A17E9998A00C2F226 /* CopyFiles */,
			);
			buildRules = (
			);
			dependencies = (
			);
			name = MacWallet;
			productName = MacWallet;
			productReference = E50310CC17E9986500C2F226 /* MacWallet.app */;
			productType = "com.apple.product-type.application";
		};
		E5A4C7BB18111DFF0014877C /* MacWallet Tests */ = {
			isa = PBXNativeTarget;
			buildConfigurationList = E5A4C80D18111DFF0014877C /* Build configuration list for PBXNativeTarget "MacWallet Tests" */;
			buildPhases = (
				E5A4C7BC18111DFF0014877C /* Sources */,
				E5A4C7D718111DFF0014877C /* Frameworks */,
				E5A4C7DD18111DFF0014877C /* Resources */,
				E5A4C80A18111DFF0014877C /* CopyFiles */,
			);
			buildRules = (
			);
			dependencies = (
			);
			name = "MacWallet Tests";
			productName = MacWallet;
			productReference = E5A4C81018111DFF0014877C /* MacWallet copy.app */;
			productType = "com.apple.product-type.application";
		};
/* End PBXNativeTarget section */

/* Begin PBXProject section */
		E50310C417E9986500C2F226 /* Project object */ = {
			isa = PBXProject;
			attributes = {
				CLASSPREFIX = BA;
				LastUpgradeCheck = 0500;
				ORGANIZATIONNAME = "include7 AG";
				TargetAttributes = {
					E50310CB17E9986500C2F226 = {
						DevelopmentTeam = 5XAKXZTWN4;
					};
				};
			};
			buildConfigurationList = E50310C717E9986500C2F226 /* Build configuration list for PBXProject "MacWallet" */;
			compatibilityVersion = "Xcode 3.2";
			developmentRegion = English;
			hasScannedForEncodings = 0;
			knownRegions = (
				en,
				de,
				pt,
				Base,
				"en-GU",
			);
			mainGroup = E50310C317E9986500C2F226;
			productRefGroup = E50310CD17E9986500C2F226 /* Products */;
			projectDirPath = "";
			projectReferences = (
				{
					ProductGroup = E5D2F47417F447DB00A214F4 /* Products */;
					ProjectRef = E5D2F47317F447DB00A214F4 /* BitcoinJKit.xcodeproj */;
				},
			);
			projectRoot = "";
			targets = (
				E50310CB17E9986500C2F226 /* MacWallet */,
				E5A4C7BB18111DFF0014877C /* MacWallet Tests */,
			);
		};
/* End PBXProject section */

/* Begin PBXReferenceProxy section */
		E5D2F47817F447DB00A214F4 /* BitcoinJKit.framework */ = {
			isa = PBXReferenceProxy;
			fileType = wrapper.framework;
			path = BitcoinJKit.framework;
			remoteRef = E5D2F47717F447DB00A214F4 /* PBXContainerItemProxy */;
			sourceTree = BUILT_PRODUCTS_DIR;
		};
/* End PBXReferenceProxy section */

/* Begin PBXResourcesBuildPhase section */
		E50310CA17E9986500C2F226 /* Resources */ = {
			isa = PBXResourcesBuildPhase;
			buildActionMask = 2147483647;
			files = (
				E50310DA17E9986500C2F226 /* InfoPlist.strings in Resources */,
				E564524E18089A6C008ADC99 /* ok_small.png in Resources */,
				E569055318098D9400A343E9 /* secure.png in Resources */,
				E50D19EE18168F3300AD4F66 /* incoming_payment@2x.png in Resources */,
				E564525218089A6C008ADC99 /* warning_small.png in Resources */,
				E50D19EC18168F3300AD4F66 /* incoming_payment.png in Resources */,
				E564524318089816008ADC99 /* warning@2x.png in Resources */,
				E56452471808989F008ADC99 /* ok@2x.png in Resources */,
				E517D5F1181535DB00C0E1AE /* MWFundsReceivedViewController.xib in Resources */,
				E569055E1809950F00A343E9 /* status_bar_icon.png in Resources */,
				E569054A18098AA100A343E9 /* error.png in Resources */,
				E58DF401180FFC98004877BC /* MWPreferenceIncomingPaymentViewController.xib in Resources */,
				E579C0AC1802CD7C00D8B61D /* sparkle_update_dsa_pub.pem in Resources */,
				E5C359D417F1DFC200BA394E /* TrustedCheckmark@2x.png in Resources */,
				E56905661809993100A343E9 /* status_bar_icon_inverted@2x.png in Resources */,
				E548C6F51802BFE600976CD7 /* SendCoinsWindow.xib in Resources */,
				E564525018089A6C008ADC99 /* warning_red_small.png in Resources */,
				E558210D180DCEFB0062777E /* closebox@2x.png in Resources */,
				E56905651809993100A343E9 /* status_bar_icon_inverted.png in Resources */,
				E564524218089816008ADC99 /* warning.png in Resources */,
				E569054B18098AA100A343E9 /* error@2x.png in Resources */,
				E50310E017E9986600C2F226 /* Credits.rtf in Resources */,
				E504D80017FDA0A300F94081 /* wallet.png in Resources */,
				E548C7001802BFFB00976CD7 /* MWTransactionDetailsWindowController.xib in Resources */,
				E504D7F717FD843100F94081 /* MWPreferenceWalletViewController.xib in Resources */,
				E50153C3180447AD00CFFA69 /* checkpoints in Resources */,
				E508D65817FB26A700CC3CF9 /* Localizable.strings in Resources */,
				E564524F18089A6C008ADC99 /* ok_small@2x.png in Resources */,
				E5C359D617F1DFDE00BA394E /* TrustedCheckmark.png in Resources */,
				E528E91117FAB7B800BF4BAD /* Questionmark@2x.png in Resources */,
				E5E2CCCA17FC98B3003EBA11 /* RHPreferencesWindow.xib in Resources */,
				E528E91017FAB7B800BF4BAD /* Questionmark.png in Resources */,
				E50153C11804440600CFFA69 /* icon.icns in Resources */,
				E569055418098D9400A343E9 /* secure@2x.png in Resources */,
				E564524118089816008ADC99 /* warning_red@2x.png in Resources */,
				E504D80217FDA4B500F94081 /* tickers.plist in Resources */,
				E51CC2021814FAB10070BCF9 /* MWAddressDetailViewController.xib in Resources */,
				E569055118098D9400A343E9 /* not-secure.png in Resources */,
				E50310E617E9986600C2F226 /* MainMenu.xib in Resources */,
				E56452461808989F008ADC99 /* ok.png in Resources */,
				E548C7031802BFFB00976CD7 /* MWTransactionsWindowController.xib in Resources */,
				E504D7FE17FDA09D00F94081 /* settings.png in Resources */,
				E569055218098D9400A343E9 /* not-secure@2x.png in Resources */,
				E569055F1809950F00A343E9 /* status_bar_icon@2x.png in Resources */,
				E5E2CCC717FC98B3003EBA11 /* MWPreferenceGeneralViewController.xib in Resources */,
				E564524018089816008ADC99 /* warning_red.png in Resources */,
				E564525118089A6C008ADC99 /* warning_red_small@2x.png in Resources */,
				E564525318089A6C008ADC99 /* warning_small@2x.png in Resources */,
			);
			runOnlyForDeploymentPostprocessing = 0;
		};
		E5A4C7DD18111DFF0014877C /* Resources */ = {
			isa = PBXResourcesBuildPhase;
			buildActionMask = 2147483647;
			files = (
				E5A4C7DE18111DFF0014877C /* InfoPlist.strings in Resources */,
				E5A4C7DF18111DFF0014877C /* ok_small.png in Resources */,
				E5A4C7E018111DFF0014877C /* secure.png in Resources */,
				E5A4C7E118111DFF0014877C /* warning_small.png in Resources */,
				E58B36711816992B00BEDB97 /* MWFundsReceivedViewController.xib in Resources */,
				E5A4C7E218111DFF0014877C /* warning@2x.png in Resources */,
				E5A4C7E318111DFF0014877C /* ok@2x.png in Resources */,
				E5A4C7E418111DFF0014877C /* status_bar_icon.png in Resources */,
				E5A4C7E518111DFF0014877C /* error.png in Resources */,
				E50D19ED18168F3300AD4F66 /* incoming_payment.png in Resources */,
				E5A4C7E618111DFF0014877C /* MWPreferenceIncomingPaymentViewController.xib in Resources */,
				E5A4C7E718111DFF0014877C /* sparkle_update_dsa_pub.pem in Resources */,
				E5A4C7E818111DFF0014877C /* TrustedCheckmark@2x.png in Resources */,
				E5A4C7E918111DFF0014877C /* status_bar_icon_inverted@2x.png in Resources */,
				E5A4C7EA18111DFF0014877C /* SendCoinsWindow.xib in Resources */,
				E5A4C7EB18111DFF0014877C /* warning_red_small.png in Resources */,
				E5A4C7EC18111DFF0014877C /* closebox@2x.png in Resources */,
				E5A4C7ED18111DFF0014877C /* status_bar_icon_inverted.png in Resources */,
				E5A4C7EE18111DFF0014877C /* warning.png in Resources */,
				E5A4C7EF18111DFF0014877C /* error@2x.png in Resources */,
				E5A4C7F018111DFF0014877C /* Credits.rtf in Resources */,
				E5A4C7F118111DFF0014877C /* wallet.png in Resources */,
				E5A4C7F218111DFF0014877C /* MWTransactionDetailsWindowController.xib in Resources */,
				E5A4C7F318111DFF0014877C /* MWPreferenceWalletViewController.xib in Resources */,
				E5A4C7F418111DFF0014877C /* checkpoints in Resources */,
				E5A4C7F518111DFF0014877C /* Localizable.strings in Resources */,
				E5A4C7F618111DFF0014877C /* ok_small@2x.png in Resources */,
				E5A4C7F718111DFF0014877C /* TrustedCheckmark.png in Resources */,
				E50D19EF18168F3300AD4F66 /* incoming_payment@2x.png in Resources */,
				E5A4C7F818111DFF0014877C /* Questionmark@2x.png in Resources */,
				E5A4C7F918111DFF0014877C /* RHPreferencesWindow.xib in Resources */,
				E5A4C7FA18111DFF0014877C /* Questionmark.png in Resources */,
				E5A4C7FB18111DFF0014877C /* icon.icns in Resources */,
				E5A4C7FC18111DFF0014877C /* secure@2x.png in Resources */,
				E5A4C7FD18111DFF0014877C /* warning_red@2x.png in Resources */,
				E5A4C7FE18111DFF0014877C /* tickers.plist in Resources */,
				E51CC2031814FAB10070BCF9 /* MWAddressDetailViewController.xib in Resources */,
				E5A4C7FF18111DFF0014877C /* not-secure.png in Resources */,
				E5A4C80018111DFF0014877C /* MainMenu.xib in Resources */,
				E5A4C80118111DFF0014877C /* ok.png in Resources */,
				E5A4C80218111DFF0014877C /* MWTransactionsWindowController.xib in Resources */,
				E5A4C80318111DFF0014877C /* settings.png in Resources */,
				E5A4C80418111DFF0014877C /* not-secure@2x.png in Resources */,
				E5A4C80518111DFF0014877C /* status_bar_icon@2x.png in Resources */,
				E5A4C80618111DFF0014877C /* MWPreferenceGeneralViewController.xib in Resources */,
				E5A4C80718111DFF0014877C /* warning_red.png in Resources */,
				E5A4C80818111DFF0014877C /* warning_red_small@2x.png in Resources */,
				E5A4C80918111DFF0014877C /* warning_small@2x.png in Resources */,
			);
			runOnlyForDeploymentPostprocessing = 0;
		};
/* End PBXResourcesBuildPhase section */

/* Begin PBXSourcesBuildPhase section */
		E50310C817E9986500C2F226 /* Sources */ = {
			isa = PBXSourcesBuildPhase;
			buildActionMask = 2147483647;
			files = (
				E548C7021802BFFB00976CD7 /* MWTransactionsWindowController.m in Sources */,
				E5E2CCC617FC98B3003EBA11 /* MWPreferenceGeneralViewController.m in Sources */,
				E56905621809956D00A343E9 /* MWStatusItem.m in Sources */,
				E504D7F617FD843100F94081 /* MWPreferenceWalletViewController.m in Sources */,
				E5E2CCCD17FC9A7D003EBA11 /* LaunchAtLoginController.m in Sources */,
				E548C6EE1802BFB400976CD7 /* MWTickerController.m in Sources */,
				E51CC1F61814F4D90070BCF9 /* DataMatrix.mm in Sources */,
				E5ED01D3180C2461003C7E63 /* MWSetPasswordPopover.m in Sources */,
				E51CC2001814FAB10070BCF9 /* MWAddressDetailViewController.m in Sources */,
				E5B8390117F9FEED004FBBB5 /* RHKeychain.m in Sources */,
				E53B97271806913700E8117B /* NSString+NSStringRandomPasswordAdditions.m in Sources */,
				E548C7011802BFFB00976CD7 /* MWTransactionMenuItem.m in Sources */,
				E50153C918044CB800CFFA69 /* NSString+SymlinksAndAliases.m in Sources */,
				E5ED01D2180C2461003C7E63 /* MWEnterPasswordPopover.m in Sources */,
				E51CC1F81814F4D90070BCF9 /* QR_Encode.cpp in Sources */,
				E53A51481817AC5400FCC154 /* MWTestRunTests.m in Sources */,
				E5ED01D1180C2461003C7E63 /* MWBasePopover.m in Sources */,
				E517D5F0181535DB00C0E1AE /* MWFundsReceivedViewController.m in Sources */,
				E5645237180891EB008ADC99 /* PasswordChecker.m in Sources */,
				E5C61EE4180C58F900857193 /* MWSendCoinsViewController.m in Sources */,
				E50310DC17E9986500C2F226 /* main.m in Sources */,
				E548C6FF1802BFFB00976CD7 /* MWTransactionDetailsWindowController.m in Sources */,
				E58DF400180FFC98004877BC /* MWPreferenceIncomingPaymentViewController.m in Sources */,
				E50153CA18044CB800CFFA69 /* PFMoveApplication.m in Sources */,
				E53A514A1817AC5700FCC154 /* I7MacInterfaceAutomation.m in Sources */,
				E564523B180894EE008ADC99 /* NSWindow+canBecomeKeyWindow.m in Sources */,
				E531C1FF18088CE7009E1B16 /* DuxScrollViewAnimation.m in Sources */,
				E51CC1FA1814F4D90070BCF9 /* QREncoder.mm in Sources */,
				E5E2CCC917FC98B3003EBA11 /* RHPreferencesWindowController.m in Sources */,
				E531C1F0180876D0009E1B16 /* AXStatusItemPopup.m in Sources */,
				E5438CA0180C6B8A007EDFDC /* MWBaseScrollView.m in Sources */,
				E50310E317E9986600C2F226 /* MWAppDelegate.m in Sources */,
			);
			runOnlyForDeploymentPostprocessing = 0;
		};
		E5A4C7BC18111DFF0014877C /* Sources */ = {
			isa = PBXSourcesBuildPhase;
			buildActionMask = 2147483647;
			files = (
				E5A4C7BD18111DFF0014877C /* MWTransactionsWindowController.m in Sources */,
				E5A4C7BE18111DFF0014877C /* MWPreferenceGeneralViewController.m in Sources */,
				E5A4C7BF18111DFF0014877C /* MWStatusItem.m in Sources */,
				E5A4C7C018111DFF0014877C /* MWPreferenceWalletViewController.m in Sources */,
				E58B36701816992400BEDB97 /* MWFundsReceivedViewController.m in Sources */,
				E5A4C7C118111DFF0014877C /* LaunchAtLoginController.m in Sources */,
				E51CC1F91814F4D90070BCF9 /* QR_Encode.cpp in Sources */,
				E5A4C7C218111DFF0014877C /* MWTickerController.m in Sources */,
				E51CC1FB1814F4D90070BCF9 /* QREncoder.mm in Sources */,
				E5A4C7C318111DFF0014877C /* MWSetPasswordPopover.m in Sources */,
				E5A4C7C518111DFF0014877C /* RHKeychain.m in Sources */,
				E5A4C7C618111DFF0014877C /* NSString+NSStringRandomPasswordAdditions.m in Sources */,
				E5A4C7C718111DFF0014877C /* MWTransactionMenuItem.m in Sources */,
				E5A4C7C818111DFF0014877C /* NSString+SymlinksAndAliases.m in Sources */,
				E5A4C7C918111DFF0014877C /* MWEnterPasswordPopover.m in Sources */,
				E5A4C7CA18111DFF0014877C /* MWBasePopover.m in Sources */,
				E5A4C7CB18111DFF0014877C /* PasswordChecker.m in Sources */,
				E5A4C7CC18111DFF0014877C /* MWSendCoinsViewController.m in Sources */,
				E5A4C7CD18111DFF0014877C /* main.m in Sources */,
				E5A4C7CE18111DFF0014877C /* MWTransactionDetailsWindowController.m in Sources */,
				E5A4C7CF18111DFF0014877C /* MWPreferenceIncomingPaymentViewController.m in Sources */,
				E5A4C7D018111DFF0014877C /* PFMoveApplication.m in Sources */,
				E51CC2011814FAB10070BCF9 /* MWAddressDetailViewController.m in Sources */,
				E51CC1F71814F4D90070BCF9 /* DataMatrix.mm in Sources */,
				E5A4C7D118111DFF0014877C /* NSWindow+canBecomeKeyWindow.m in Sources */,
				E5A4C7D218111DFF0014877C /* DuxScrollViewAnimation.m in Sources */,
				E5A4C7D318111DFF0014877C /* RHPreferencesWindowController.m in Sources */,
				E5A4C7D418111DFF0014877C /* AXStatusItemPopup.m in Sources */,
				E5A4C7D518111DFF0014877C /* MWBaseScrollView.m in Sources */,
				E5A4C7D618111DFF0014877C /* MWAppDelegate.m in Sources */,
			);
			runOnlyForDeploymentPostprocessing = 0;
		};
/* End PBXSourcesBuildPhase section */

/* Begin PBXVariantGroup section */
		E50310D817E9986500C2F226 /* InfoPlist.strings */ = {
			isa = PBXVariantGroup;
			children = (
				E50310D917E9986500C2F226 /* en */,
				E58DF403181020A0004877BC /* de */,
				E5C1FF3B18106B9200220E06 /* pt */,
			);
			name = InfoPlist.strings;
			sourceTree = "<group>";
		};
		E50310DE17E9986600C2F226 /* Credits.rtf */ = {
			isa = PBXVariantGroup;
			children = (
				E50310DF17E9986600C2F226 /* en */,
				E58DF404181020A0004877BC /* de */,
				E5C1FF3C18106B9200220E06 /* pt */,
			);
			name = Credits.rtf;
			sourceTree = "<group>";
		};
		E50310E417E9986600C2F226 /* MainMenu.xib */ = {
			isa = PBXVariantGroup;
			children = (
				E50310E517E9986600C2F226 /* en */,
			);
			name = MainMenu.xib;
			sourceTree = "<group>";
		};
		E508D65A17FB26A700CC3CF9 /* Localizable.strings */ = {
			isa = PBXVariantGroup;
			children = (
				E508D65917FB26A700CC3CF9 /* en */,
				E58DF405181020A0004877BC /* de */,
				E5C1FF3D18106B9200220E06 /* pt */,
				E58B366F181695A800BEDB97 /* en-GU */,
			);
			name = Localizable.strings;
			sourceTree = "<group>";
		};
/* End PBXVariantGroup section */

/* Begin XCBuildConfiguration section */
		E50310E717E9986600C2F226 /* Debug */ = {
			isa = XCBuildConfiguration;
			buildSettings = {
				ALWAYS_SEARCH_USER_PATHS = NO;
				CLANG_CXX_LANGUAGE_STANDARD = "gnu++0x";
				CLANG_CXX_LIBRARY = "libc++";
				CLANG_ENABLE_OBJC_ARC = YES;
				CLANG_WARN_CONSTANT_CONVERSION = YES;
				CLANG_WARN_EMPTY_BODY = YES;
				CLANG_WARN_ENUM_CONVERSION = YES;
				CLANG_WARN_INT_CONVERSION = YES;
				CLANG_WARN__DUPLICATE_METHOD_MATCH = YES;
				COPY_PHASE_STRIP = NO;
				GCC_C_LANGUAGE_STANDARD = gnu99;
				GCC_DYNAMIC_NO_PIC = NO;
				GCC_ENABLE_OBJC_EXCEPTIONS = YES;
				GCC_OPTIMIZATION_LEVEL = 0;
				GCC_PREPROCESSOR_DEFINITIONS = (
					"DEBUG=1",
					"$(inherited)",
				);
				GCC_SYMBOLS_PRIVATE_EXTERN = NO;
				GCC_WARN_64_TO_32_BIT_CONVERSION = YES;
				GCC_WARN_ABOUT_RETURN_TYPE = YES;
				GCC_WARN_UNINITIALIZED_AUTOS = YES;
				GCC_WARN_UNUSED_VARIABLE = YES;
				MACOSX_DEPLOYMENT_TARGET = 10.7;
				ONLY_ACTIVE_ARCH = YES;
				SDKROOT = macosx10.8;
			};
			name = Debug;
		};
		E50310E817E9986600C2F226 /* Release */ = {
			isa = XCBuildConfiguration;
			buildSettings = {
				ALWAYS_SEARCH_USER_PATHS = NO;
				CLANG_CXX_LANGUAGE_STANDARD = "gnu++0x";
				CLANG_CXX_LIBRARY = "libc++";
				CLANG_ENABLE_OBJC_ARC = YES;
				CLANG_WARN_CONSTANT_CONVERSION = YES;
				CLANG_WARN_EMPTY_BODY = YES;
				CLANG_WARN_ENUM_CONVERSION = YES;
				CLANG_WARN_INT_CONVERSION = YES;
				CLANG_WARN__DUPLICATE_METHOD_MATCH = YES;
				COPY_PHASE_STRIP = YES;
				DEBUG_INFORMATION_FORMAT = "dwarf-with-dsym";
				GCC_C_LANGUAGE_STANDARD = gnu99;
				GCC_ENABLE_OBJC_EXCEPTIONS = YES;
				GCC_WARN_64_TO_32_BIT_CONVERSION = YES;
				GCC_WARN_ABOUT_RETURN_TYPE = YES;
				GCC_WARN_UNINITIALIZED_AUTOS = YES;
				GCC_WARN_UNUSED_VARIABLE = YES;
				MACOSX_DEPLOYMENT_TARGET = 10.7;
				SDKROOT = macosx10.8;
			};
			name = Release;
		};
		E50310EA17E9986600C2F226 /* Debug */ = {
			isa = XCBuildConfiguration;
			buildSettings = {
				ARCHS = "$(ARCHS_STANDARD)";
				CODE_SIGN_IDENTITY = "Mac Developer";
				"CODE_SIGN_IDENTITY[sdk=macosx*]" = "Mac Developer";
				COMBINE_HIDPI_IMAGES = YES;
				FRAMEWORK_SEARCH_PATHS = (
					"$(inherited)",
					/Users/jonasschnelli/Documents/bitcoin/MacWalletApp/vendor,
				);
				GCC_PRECOMPILE_PREFIX_HEADER = YES;
				GCC_PREFIX_HEADER = "MacWallet/MacWallet-Prefix.pch";
				INFOPLIST_FILE = "MacWallet/MacWallet-Info.plist";
				PRODUCT_NAME = MacWallet;
				PROVISIONING_PROFILE = "";
				WRAPPER_EXTENSION = app;
			};
			name = Debug;
		};
		E50310EB17E9986600C2F226 /* Release */ = {
			isa = XCBuildConfiguration;
			buildSettings = {
				ARCHS = "$(ARCHS_STANDARD)";
				CODE_SIGN_IDENTITY = "Mac Developer";
				"CODE_SIGN_IDENTITY[sdk=macosx*]" = "Mac Developer";
				COMBINE_HIDPI_IMAGES = YES;
				FRAMEWORK_SEARCH_PATHS = (
					"$(inherited)",
					/Users/jonasschnelli/Documents/bitcoin/MacWalletApp/vendor,
				);
				GCC_PRECOMPILE_PREFIX_HEADER = YES;
				GCC_PREFIX_HEADER = "MacWallet/MacWallet-Prefix.pch";
				INFOPLIST_FILE = "MacWallet/MacWallet-Info.plist";
				PRODUCT_NAME = MacWallet;
				PROVISIONING_PROFILE = "";
				WRAPPER_EXTENSION = app;
			};
			name = Release;
		};
		E5A4C80E18111DFF0014877C /* Debug */ = {
			isa = XCBuildConfiguration;
			buildSettings = {
				ARCHS = "$(ARCHS_STANDARD)";
				CODE_SIGN_IDENTITY = "Mac Developer";
				"CODE_SIGN_IDENTITY[sdk=macosx*]" = "Mac Developer";
				COMBINE_HIDPI_IMAGES = YES;
				FRAMEWORK_SEARCH_PATHS = (
					"$(inherited)",
					/Users/jonasschnelli/Documents/bitcoin/MacWalletApp/vendor,
				);
				GCC_PRECOMPILE_PREFIX_HEADER = YES;
				GCC_PREFIX_HEADER = "MacWallet/MacWallet-Prefix.pch";
				GCC_PREPROCESSOR_DEFINITIONS = (
					"DEBUG=1",
					"$(inherited)",
					"MWUNITTEST=1",
				);
				INFOPLIST_FILE = "MacWallet copy-Info.plist";
				PRODUCT_NAME = "MacWallet copy";
				PROVISIONING_PROFILE = "";
				WRAPPER_EXTENSION = app;
			};
			name = Debug;
		};
		E5A4C80F18111DFF0014877C /* Release */ = {
			isa = XCBuildConfiguration;
			buildSettings = {
				ARCHS = "$(ARCHS_STANDARD)";
				CODE_SIGN_IDENTITY = "Mac Developer";
				"CODE_SIGN_IDENTITY[sdk=macosx*]" = "Mac Developer";
				COMBINE_HIDPI_IMAGES = YES;
				FRAMEWORK_SEARCH_PATHS = (
					"$(inherited)",
					/Users/jonasschnelli/Documents/bitcoin/MacWalletApp/vendor,
				);
				GCC_PRECOMPILE_PREFIX_HEADER = YES;
				GCC_PREFIX_HEADER = "MacWallet/MacWallet-Prefix.pch";
				INFOPLIST_FILE = "MacWallet copy-Info.plist";
				PRODUCT_NAME = "MacWallet copy";
				PROVISIONING_PROFILE = "";
				WRAPPER_EXTENSION = app;
			};
			name = Release;
		};
/* End XCBuildConfiguration section */

/* Begin XCConfigurationList section */
		E50310C717E9986500C2F226 /* Build configuration list for PBXProject "MacWallet" */ = {
			isa = XCConfigurationList;
			buildConfigurations = (
				E50310E717E9986600C2F226 /* Debug */,
				E50310E817E9986600C2F226 /* Release */,
			);
			defaultConfigurationIsVisible = 0;
			defaultConfigurationName = Release;
		};
		E50310E917E9986600C2F226 /* Build configuration list for PBXNativeTarget "MacWallet" */ = {
			isa = XCConfigurationList;
			buildConfigurations = (
				E50310EA17E9986600C2F226 /* Debug */,
				E50310EB17E9986600C2F226 /* Release */,
			);
			defaultConfigurationIsVisible = 0;
			defaultConfigurationName = Release;
		};
		E5A4C80D18111DFF0014877C /* Build configuration list for PBXNativeTarget "MacWallet Tests" */ = {
			isa = XCConfigurationList;
			buildConfigurations = (
				E5A4C80E18111DFF0014877C /* Debug */,
				E5A4C80F18111DFF0014877C /* Release */,
			);
			defaultConfigurationIsVisible = 0;
			defaultConfigurationName = Release;
		};
/* End XCConfigurationList section */
	};
	rootObject = E50310C417E9986500C2F226 /* Project object */;
}
